
Microsoft Visual Studio Solution File, Format Version 11.00
# Visual Studio Version 16
Project("{8BC9CEB8-8B4A-11D0-8D11-00A0C91BC942}") = "3d", "3d.vcxproj", "{33FDC318-D035-4C55-A593-4E4037991636}"
EndProject
Project("{8BC9CEB8-8B4A-11D0-8D11-00A0C91BC942}") = "3d_multi", "3d_multi.vcxproj", "{5D6F6366-7E2D-4EEF-B2A0-AB2331488857}"
EndProject
Project("{8BC9CEB8-8B4A-11D0-8D11-00A0C91BC942}") = "event_parameter", "event_parameter.vcxproj", "{97AA21D8-1AF1-42D7-B4C6-EE91636711E6}"
EndProject
Project("{8BC9CEB8-8B4A-11D0-8D11-00A0C91BC942}") = "load_banks", "load_banks.vcxproj", "{1FD594A8-3B05-47F8-B0F6-7DA06198198C}"
EndProject
Project("{8BC9CEB8-8B4A-11D0-8D11-00A0C91BC942}") = "music_callbacks", "music_callbacks.vcxproj", "{5363682D-3C8D-4D44-B8B4-A78FAC3D8607}"
EndProject
Project("{8BC9CEB8-8B4A-11D0-8D11-00A0C91BC942}") = "objectpan", "objectpan.vcxproj", "{6F88B3E7-CE36-42BA-99DA-11CFBACF88AB}"
EndProject
Project("{8BC9CEB8-8B4A-11D0-8D11-00A0C91BC942}") = "programmer_sound", "programmer_sound.vcxproj", "{3BB4C7E6-3689-4927-BACD-59E4238D1C58}"
EndProject
Project("{8BC9CEB8-8B4A-11D0-8D11-00A0C91BC942}") = "recording_playback", "recording_playback.vcxproj", "{9B6161A4-CD10-442A-81F1-AC8344962995}"
EndProject
Project("{8BC9CEB8-8B4A-11D0-8D11-00A0C91BC942}") = "simple_event", "simple_event.vcxproj", "{8F3EC79B-5843-4863-A617-B957D1534025}"
EndProject
Global
	GlobalSection(SolutionConfigurationPlatforms) = preSolution
		Debug|Win32 = Debug|Win32
		Debug|x64 = Debug|x64
		Release|Win32 = Release|Win32
		Release|x64 = Release|x64
	EndGlobalSection
	GlobalSection(ProjectConfigurationPlatforms) = postSolution
		{33FDC318-D035-4C55-A593-4E4037991636}.Debug|Win32.ActiveCfg = Debug|Win32
		{33FDC318-D035-4C55-A593-4E4037991636}.Debug|Win32.Build.0 = Debug|Win32
		{33FDC318-D035-4C55-A593-4E4037991636}.Debug|Win32.Deploy.0 = Debug|Win32
		{33FDC318-D035-4C55-A593-4E4037991636}.Debug|x64.ActiveCfg = Debug|x64
		{33FDC318-D035-4C55-A593-4E4037991636}.Debug|x64.Build.0 = Debug|x64
		{33FDC318-D035-4C55-A593-4E4037991636}.Debug|x64.Deploy.0 = Debug|x64
		{33FDC318-D035-4C55-A593-4E4037991636}.Release|Win32.ActiveCfg = Release|Win32
		{33FDC318-D035-4C55-A593-4E4037991636}.Release|Win32.Build.0 = Release|Win32
		{33FDC318-D035-4C55-A593-4E4037991636}.Release|Win32.Deploy.0 = Release|Win32
		{33FDC318-D035-4C55-A593-4E4037991636}.Release|x64.ActiveCfg = Release|x64
		{33FDC318-D035-4C55-A593-4E4037991636}.Release|x64.Build.0 = Release|x64
		{33FDC318-D035-4C55-A593-4E4037991636}.Release|x64.Deploy.0 = Release|x64
		{5D6F6366-7E2D-4EEF-B2A0-AB2331488857}.Debug|Win32.ActiveCfg = Debug|Win32
		{5D6F6366-7E2D-4EEF-B2A0-AB2331488857}.Debug|Win32.Build.0 = Debug|Win32
		{5D6F6366-7E2D-4EEF-B2A0-AB2331488857}.Debug|Win32.Deploy.0 = Debug|Win32
		{5D6F6366-7E2D-4EEF-B2A0-AB2331488857}.Debug|x64.ActiveCfg = Debug|x64
		{5D6F6366-7E2D-4EEF-B2A0-AB2331488857}.Debug|x64.Build.0 = Debug|x64
		{5D6F6366-7E2D-4EEF-B2A0-AB2331488857}.Debug|x64.Deploy.0 = Debug|x64
		{5D6F6366-7E2D-4EEF-B2A0-AB2331488857}.Release|Win32.ActiveCfg = Release|Win32
		{5D6F6366-7E2D-4EEF-B2A0-AB2331488857}.Release|Win32.Build.0 = Release|Win32
		{5D6F6366-7E2D-4EEF-B2A0-AB2331488857}.Release|Win32.Deploy.0 = Release|Win32
		{5D6F6366-7E2D-4EEF-B2A0-AB2331488857}.Release|x64.ActiveCfg = Release|x64
		{5D6F6366-7E2D-4EEF-B2A0-AB2331488857}.Release|x64.Build.0 = Release|x64
		{5D6F6366-7E2D-4EEF-B2A0-AB2331488857}.Release|x64.Deploy.0 = Release|x64
		{97AA21D8-1AF1-42D7-B4C6-EE91636711E6}.Debug|Win32.ActiveCfg = Debug|Win32
		{97AA21D8-1AF1-42D7-B4C6-EE91636711E6}.Debug|Win32.Build.0 = Debug|Win32
		{97AA21D8-1AF1-42D7-B4C6-EE91636711E6}.Debug|Win32.Deploy.0 = Debug|Win32
		{97AA21D8-1AF1-42D7-B4C6-EE91636711E6}.Debug|x64.ActiveCfg = Debug|x64
		{97AA21D8-1AF1-42D7-B4C6-EE91636711E6}.Debug|x64.Build.0 = Debug|x64
		{97AA21D8-1AF1-42D7-B4C6-EE91636711E6}.Debug|x64.Deploy.0 = Debug|x64
		{97AA21D8-1AF1-42D7-B4C6-EE91636711E6}.Release|Win32.ActiveCfg = Release|Win32
		{97AA21D8-1AF1-42D7-B4C6-EE91636711E6}.Release|Win32.Build.0 = Release|Win32
		{97AA21D8-1AF1-42D7-B4C6-EE91636711E6}.Release|Win32.Deploy.0 = Release|Win32
		{97AA21D8-1AF1-42D7-B4C6-EE91636711E6}.Release|x64.ActiveCfg = Release|x64
		{97AA21D8-1AF1-42D7-B4C6-EE91636711E6}.Release|x64.Build.0 = Release|x64
		{97AA21D8-1AF1-42D7-B4C6-EE91636711E6}.Release|x64.Deploy.0 = Release|x64
		{1FD594A8-3B05-47F8-B0F6-7DA06198198C}.Debug|Win32.ActiveCfg = Debug|Win32
		{1FD594A8-3B05-47F8-B0F6-7DA06198198C}.Debug|Win32.Build.0 = Debug|Win32
		{1FD594A8-3B05-47F8-B0F6-7DA06198198C}.Debug|Win32.Deploy.0 = Debug|Win32
		{1FD594A8-3B05-47F8-B0F6-7DA06198198C}.Debug|x64.ActiveCfg = Debug|x64
		{1FD594A8-3B05-47F8-B0F6-7DA06198198C}.Debug|x64.Build.0 = Debug|x64
		{1FD594A8-3B05-47F8-B0F6-7DA06198198C}.Debug|x64.Deploy.0 = Debug|x64
		{1FD594A8-3B05-47F8-B0F6-7DA06198198C}.Release|Win32.ActiveCfg = Release|Win32
		{1FD594A8-3B05-47F8-B0F6-7DA06198198C}.Release|Win32.Build.0 = Release|Win32
		{1FD594A8-3B05-47F8-B0F6-7DA06198198C}.Release|Win32.Deploy.0 = Release|Win32
		{1FD594A8-3B05-47F8-B0F6-7DA06198198C}.Release|x64.ActiveCfg = Release|x64
		{1FD594A8-3B05-47F8-B0F6-7DA06198198C}.Release|x64.Build.0 = Release|x64
		{1FD594A8-3B05-47F8-B0F6-7DA06198198C}.Release|x64.Deploy.0 = Release|x64
		{5363682D-3C8D-4D44-B8B4-A78FAC3D8607}.Debug|Win32.ActiveCfg = Debug|Win32
		{5363682D-3C8D-4D44-B8B4-A78FAC3D8607}.Debug|Win32.Build.0 = Debug|Win32
		{5363682D-3C8D-4D44-B8B4-A78FAC3D8607}.Debug|Win32.Deploy.0 = Debug|Win32
		{5363682D-3C8D-4D44-B8B4-A78FAC3D8607}.Debug|x64.ActiveCfg = Debug|x64
		{5363682D-3C8D-4D44-B8B4-A78FAC3D8607}.Debug|x64.Build.0 = Debug|x64
		{5363682D-3C8D-4D44-B8B4-A78FAC3D8607}.Debug|x64.Deploy.0 = Debug|x64
		{5363682D-3C8D-4D44-B8B4-A78FAC3D8607}.Release|Win32.ActiveCfg = Release|Win32
		{5363682D-3C8D-4D44-B8B4-A78FAC3D8607}.Release|Win32.Build.0 = Release|Win32
		{5363682D-3C8D-4D44-B8B4-A78FAC3D8607}.Release|Win32.Deploy.0 = Release|Win32
		{5363682D-3C8D-4D44-B8B4-A78FAC3D8607}.Release|x64.ActiveCfg = Release|x64
		{5363682D-3C8D-4D44-B8B4-A78FAC3D8607}.Release|x64.Build.0 = Release|x64
		{5363682D-3C8D-4D44-B8B4-A78FAC3D8607}.Release|x64.Deploy.0 = Release|x64
		{6F88B3E7-CE36-42BA-99DA-11CFBACF88AB}.Debug|Win32.ActiveCfg = Debug|Win32
		{6F88B3E7-CE36-42BA-99DA-11CFBACF88AB}.Debug|Win32.Build.0 = Debug|Win32
		{6F88B3E7-CE36-42BA-99DA-11CFBACF88AB}.Debug|Win32.Deploy.0 = Debug|Win32
		{6F88B3E7-CE36-42BA-99DA-11CFBACF88AB}.Debug|x64.ActiveCfg = Debug|x64
		{6F88B3E7-CE36-42BA-99DA-11CFBACF88AB}.Debug|x64.Build.0 = Debug|x64
		{6F88B3E7-CE36-42BA-99DA-11CFBACF88AB}.Debug|x64.Deploy.0 = Debug|x64
		{6F88B3E7-CE36-42BA-99DA-11CFBACF88AB}.Release|Win32.ActiveCfg = Release|Win32
		{6F88B3E7-CE36-42BA-99DA-11CFBACF88AB}.Release|Win32.Build.0 = Release|Win32
		{6F88B3E7-CE36-42BA-99DA-11CFBACF88AB}.Release|Win32.Deploy.0 = Release|Win32
		{6F88B3E7-CE36-42BA-99DA-11CFBACF88AB}.Release|x64.ActiveCfg = Release|x64
		{6F88B3E7-CE36-42BA-99DA-11CFBACF88AB}.Release|x64.Build.0 = Release|x64
		{6F88B3E7-CE36-42BA-99DA-11CFBACF88AB}.Release|x64.Deploy.0 = Release|x64
		{3BB4C7E6-3689-4927-BACD-59E4238D1C58}.Debug|Win32.ActiveCfg = Debug|Win32
		{3BB4C7E6-3689-4927-BACD-59E4238D1C58}.Debug|Win32.Build.0 = Debug|Win32
		{3BB4C7E6-3689-4927-BACD-59E4238D1C58}.Debug|Win32.Deploy.0 = Debug|Win32
		{3BB4C7E6-3689-4927-BACD-59E4238D1C58}.Debug|x64.ActiveCfg = Debug|x64
		{3BB4C7E6-3689-4927-BACD-59E4238D1C58}.Debug|x64.Build.0 = Debug|x64
		{3BB4C7E6-3689-4927-BACD-59E4238D1C58}.Debug|x64.Deploy.0 = Debug|x64
		{3BB4C7E6-3689-4927-BACD-59E4238D1C58}.Release|Win32.ActiveCfg = Release|Win32
		{3BB4C7E6-3689-4927-BACD-59E4238D1C58}.Release|Win32.Build.0 = Release|Win32
		{3BB4C7E6-3689-4927-BACD-59E4238D1C58}.Release|Win32.Deploy.0 = Release|Win32
		{3BB4C7E6-3689-4927-BACD-59E4238D1C58}.Release|x64.ActiveCfg = Release|x64
		{3BB4C7E6-3689-4927-BACD-59E4238D1C58}.Release|x64.Build.0 = Release|x64
		{3BB4C7E6-3689-4927-BACD-59E4238D1C58}.Release|x64.Deploy.0 = Release|x64
		{9B6161A4-CD10-442A-81F1-AC8344962995}.Debug|Win32.ActiveCfg = Debug|Win32
		{9B6161A4-CD10-442A-81F1-AC8344962995}.Debug|Win32.Build.0 = Debug|Win32
		{9B6161A4-CD10-442A-81F1-AC8344962995}.Debug|Win32.Deploy.0 = Debug|Win32
		{9B6161A4-CD10-442A-81F1-AC8344962995}.Debug|x64.ActiveCfg = Debug|x64
		{9B6161A4-CD10-442A-81F1-AC8344962995}.Debug|x64.Build.0 = Debug|x64
		{9B6161A4-CD10-442A-81F1-AC8344962995}.Debug|x64.Deploy.0 = Debug|x64
		{9B6161A4-CD10-442A-81F1-AC8344962995}.Release|Win32.ActiveCfg = Release|Win32
		{9B6161A4-CD10-442A-81F1-AC8344962995}.Release|Win32.Build.0 = Release|Win32
		{9B6161A4-CD10-442A-81F1-AC8344962995}.Release|Win32.Deploy.0 = Release|Win32
		{9B6161A4-CD10-442A-81F1-AC8344962995}.Release|x64.ActiveCfg = Release|x64
		{9B6161A4-CD10-442A-81F1-AC8344962995}.Release|x64.Build.0 = Release|x64
		{9B6161A4-CD10-442A-81F1-AC8344962995}.Release|x64.Deploy.0 = Release|x64
		{8F3EC79B-5843-4863-A617-B957D1534025}.Debug|Win32.ActiveCfg = Debug|Win32
		{8F3EC79B-5843-4863-A617-B957D1534025}.Debug|Win32.Build.0 = Debug|Win32
		{8F3EC79B-5843-4863-A617-B957D1534025}.Debug|Win32.Deploy.0 = Debug|Win32
		{8F3EC79B-5843-4863-A617-B957D1534025}.Debug|x64.ActiveCfg = Debug|x64
		{8F3EC79B-5843-4863-A617-B957D1534025}.Debug|x64.Build.0 = Debug|x64
		{8F3EC79B-5843-4863-A617-B957D1534025}.Debug|x64.Deploy.0 = Debug|x64
		{8F3EC79B-5843-4863-A617-B957D1534025}.Release|Win32.ActiveCfg = Release|Win32
		{8F3EC79B-5843-4863-A617-B957D1534025}.Release|Win32.Build.0 = Release|Win32
		{8F3EC79B-5843-4863-A617-B957D1534025}.Release|Win32.Deploy.0 = Release|Win32
		{8F3EC79B-5843-4863-A617-B957D1534025}.Release|x64.ActiveCfg = Release|x64
		{8F3EC79B-5843-4863-A617-B957D1534025}.Release|x64.Build.0 = Release|x64
		{8F3EC79B-5843-4863-A617-B957D1534025}.Release|x64.Deploy.0 = Release|x64
	EndGlobalSection
	GlobalSection(SolutionProperties) = preSolution
		HideSolutionNode = FALSE
	EndGlobalSection
EndGlobal
