
Microsoft Visual Studio Solution File, Format Version 11.00
# Visual Studio 15
Project("{8BC9CEB8-8B4A-11D0-8D11-00A0C91BC942}") = "3d", "3d.vcxproj", "{6C0812C9-AD64-4723-B7DD-117F6763BEF6}"
EndProject
Project("{8BC9CEB8-8B4A-11D0-8D11-00A0C91BC942}") = "asyncio", "asyncio.vcxproj", "{CCEA145C-8EE4-46E0-84EC-B2E13359BBFD}"
EndProject
Project("{8BC9CEB8-8B4A-11D0-8D11-00A0C91BC942}") = "channel_groups", "channel_groups.vcxproj", "{54BA9CF8-AFD6-48B4-B69C-6F797BC3C6D9}"
EndProject
Project("{8BC9CEB8-8B4A-11D0-8D11-00A0C91BC942}") = "convolution_reverb", "convolution_reverb.vcxproj", "{741FA195-C559-4177-8D09-4CC3410A8EB5}"
EndProject
Project("{8BC9CEB8-8B4A-11D0-8D11-00A0C91BC942}") = "dsp_custom", "dsp_custom.vcxproj", "{4D4E89D2-63A2-4940-A985-AFE4CF5CE005}"
EndProject
Project("{8BC9CEB8-8B4A-11D0-8D11-00A0C91BC942}") = "dsp_effect_per_speaker", "dsp_effect_per_speaker.vcxproj", "{C5E9CE4E-1112-44E0-9CB0-6A051DF69F3C}"
EndProject
Project("{8BC9CEB8-8B4A-11D0-8D11-00A0C91BC942}") = "dsp_inspector", "dsp_inspector.vcxproj", "{B461849E-B326-41A2-BB46-1141240FFFE9}"
EndProject
Project("{8BC9CEB8-8B4A-11D0-8D11-00A0C91BC942}") = "effects", "effects.vcxproj", "{5148382F-6320-477F-BEAA-0E6ED28E15F9}"
EndProject
Project("{8BC9CEB8-8B4A-11D0-8D11-00A0C91BC942}") = "gapless_playback", "gapless_playback.vcxproj", "{F580BC58-BD6B-41FA-A0FF-D2E5B17DF886}"
EndProject
Project("{8BC9CEB8-8B4A-11D0-8D11-00A0C91BC942}") = "generate_tone", "generate_tone.vcxproj", "{12E72AB7-31E8-49B9-813E-42F5E5B26534}"
EndProject
Project("{8BC9CEB8-8B4A-11D0-8D11-00A0C91BC942}") = "granular_synth", "granular_synth.vcxproj", "{592D625A-3B21-465E-991B-C42B62E2AE58}"
EndProject
Project("{8BC9CEB8-8B4A-11D0-8D11-00A0C91BC942}") = "load_from_memory", "load_from_memory.vcxproj", "{69D0E6AA-7CE0-4987-84E8-CB6759927F94}"
EndProject
Project("{8BC9CEB8-8B4A-11D0-8D11-00A0C91BC942}") = "multiple_speaker", "multiple_speaker.vcxproj", "{A4AB82EB-DBD5-468C-B128-733F3649CBC4}"
EndProject
Project("{8BC9CEB8-8B4A-11D0-8D11-00A0C91BC942}") = "multiple_system", "multiple_system.vcxproj", "{8BB29A93-57E9-4B6A-ABB0-2FA83CE67CD8}"
EndProject
Project("{8BC9CEB8-8B4A-11D0-8D11-00A0C91BC942}") = "net_stream", "net_stream.vcxproj", "{37FE7478-9B6C-45F7-9E99-9BD402666712}"
EndProject
Project("{8BC9CEB8-8B4A-11D0-8D11-00A0C91BC942}") = "play_sound", "play_sound.vcxproj", "{590AF4B9-EF2C-43C3-81E3-17BA74F53BF7}"
EndProject
Project("{8BC9CEB8-8B4A-11D0-8D11-00A0C91BC942}") = "play_stream", "play_stream.vcxproj", "{451BD047-988E-4E54-A112-31AE23C514DF}"
EndProject
Project("{8BC9CEB8-8B4A-11D0-8D11-00A0C91BC942}") = "record", "record.vcxproj", "{9E1419AE-6FDA-4980-99BF-50F38AADBD08}"
EndProject
Project("{8BC9CEB8-8B4A-11D0-8D11-00A0C91BC942}") = "record_enumeration", "record_enumeration.vcxproj", "{F71C3EC2-F72F-4926-BDC4-9CDDEEAE2906}"
EndProject
Project("{8BC9CEB8-8B4A-11D0-8D11-00A0C91BC942}") = "user_created_sound", "user_created_sound.vcxproj", "{1F01F49D-7638-4037-ADFA-FB051F78824D}"
EndProject
Project("{8BC9CEB8-8B4A-11D0-8D11-00A0C91BC942}") = "fmod_codec_raw", "fmod_codec_raw.vcxproj", "{306E47C4-4545-4544-A677-2A13A378F4AD}"
EndProject
Project("{8BC9CEB8-8B4A-11D0-8D11-00A0C91BC942}") = "fmod_distance_filter", "fmod_distance_filter.vcxproj", "{6031261C-275B-46E3-85A1-771D561D2C7F}"
EndProject
Project("{8BC9CEB8-8B4A-11D0-8D11-00A0C91BC942}") = "fmod_gain", "fmod_gain.vcxproj", "{961F4266-F80C-427B-B7A2-6BAE0C33B934}"
EndProject
Project("{8BC9CEB8-8B4A-11D0-8D11-00A0C91BC942}") = "fmod_noise", "fmod_noise.vcxproj", "{4AD18103-6FBD-4ECF-98ED-E72A2FB50B86}"
EndProject
Project("{8BC9CEB8-8B4A-11D0-8D11-00A0C91BC942}") = "output_mp3", "output_mp3.vcxproj", "{59F453A1-9AC2-4661-9FBF-E0B53ED3364E}"
EndProject
Global
	GlobalSection(SolutionConfigurationPlatforms) = preSolution
		Debug|Win32 = Debug|Win32
		Debug|x64 = Debug|x64
		Release|Win32 = Release|Win32
		Release|x64 = Release|x64
	EndGlobalSection
	GlobalSection(ProjectConfigurationPlatforms) = postSolution
		{6C0812C9-AD64-4723-B7DD-117F6763BEF6}.Debug|Win32.ActiveCfg = Debug|Win32
		{6C0812C9-AD64-4723-B7DD-117F6763BEF6}.Debug|Win32.Build.0 = Debug|Win32
		{6C0812C9-AD64-4723-B7DD-117F6763BEF6}.Debug|Win32.Deploy.0 = Debug|Win32
		{6C0812C9-AD64-4723-B7DD-117F6763BEF6}.Debug|x64.ActiveCfg = Debug|x64
		{6C0812C9-AD64-4723-B7DD-117F6763BEF6}.Debug|x64.Build.0 = Debug|x64
		{6C0812C9-AD64-4723-B7DD-117F6763BEF6}.Debug|x64.Deploy.0 = Debug|x64
		{6C0812C9-AD64-4723-B7DD-117F6763BEF6}.Release|Win32.ActiveCfg = Release|Win32
		{6C0812C9-AD64-4723-B7DD-117F6763BEF6}.Release|Win32.Build.0 = Release|Win32
		{6C0812C9-AD64-4723-B7DD-117F6763BEF6}.Release|Win32.Deploy.0 = Release|Win32
		{6C0812C9-AD64-4723-B7DD-117F6763BEF6}.Release|x64.ActiveCfg = Release|x64
		{6C0812C9-AD64-4723-B7DD-117F6763BEF6}.Release|x64.Build.0 = Release|x64
		{6C0812C9-AD64-4723-B7DD-117F6763BEF6}.Release|x64.Deploy.0 = Release|x64
		{CCEA145C-8EE4-46E0-84EC-B2E13359BBFD}.Debug|Win32.ActiveCfg = Debug|Win32
		{CCEA145C-8EE4-46E0-84EC-B2E13359BBFD}.Debug|Win32.Build.0 = Debug|Win32
		{CCEA145C-8EE4-46E0-84EC-B2E13359BBFD}.Debug|Win32.Deploy.0 = Debug|Win32
		{CCEA145C-8EE4-46E0-84EC-B2E13359BBFD}.Debug|x64.ActiveCfg = Debug|x64
		{CCEA145C-8EE4-46E0-84EC-B2E13359BBFD}.Debug|x64.Build.0 = Debug|x64
		{CCEA145C-8EE4-46E0-84EC-B2E13359BBFD}.Debug|x64.Deploy.0 = Debug|x64
		{CCEA145C-8EE4-46E0-84EC-B2E13359BBFD}.Release|Win32.ActiveCfg = Release|Win32
		{CCEA145C-8EE4-46E0-84EC-B2E13359BBFD}.Release|Win32.Build.0 = Release|Win32
		{CCEA145C-8EE4-46E0-84EC-B2E13359BBFD}.Release|Win32.Deploy.0 = Release|Win32
		{CCEA145C-8EE4-46E0-84EC-B2E13359BBFD}.Release|x64.ActiveCfg = Release|x64
		{CCEA145C-8EE4-46E0-84EC-B2E13359BBFD}.Release|x64.Build.0 = Release|x64
		{CCEA145C-8EE4-46E0-84EC-B2E13359BBFD}.Release|x64.Deploy.0 = Release|x64
		{54BA9CF8-AFD6-48B4-B69C-6F797BC3C6D9}.Debug|Win32.ActiveCfg = Debug|Win32
		{54BA9CF8-AFD6-48B4-B69C-6F797BC3C6D9}.Debug|Win32.Build.0 = Debug|Win32
		{54BA9CF8-AFD6-48B4-B69C-6F797BC3C6D9}.Debug|Win32.Deploy.0 = Debug|Win32
		{54BA9CF8-AFD6-48B4-B69C-6F797BC3C6D9}.Debug|x64.ActiveCfg = Debug|x64
		{54BA9CF8-AFD6-48B4-B69C-6F797BC3C6D9}.Debug|x64.Build.0 = Debug|x64
		{54BA9CF8-AFD6-48B4-B69C-6F797BC3C6D9}.Debug|x64.Deploy.0 = Debug|x64
		{54BA9CF8-AFD6-48B4-B69C-6F797BC3C6D9}.Release|Win32.ActiveCfg = Release|Win32
		{54BA9CF8-AFD6-48B4-B69C-6F797BC3C6D9}.Release|Win32.Build.0 = Release|Win32
		{54BA9CF8-AFD6-48B4-B69C-6F797BC3C6D9}.Release|Win32.Deploy.0 = Release|Win32
		{54BA9CF8-AFD6-48B4-B69C-6F797BC3C6D9}.Release|x64.ActiveCfg = Release|x64
		{54BA9CF8-AFD6-48B4-B69C-6F797BC3C6D9}.Release|x64.Build.0 = Release|x64
		{54BA9CF8-AFD6-48B4-B69C-6F797BC3C6D9}.Release|x64.Deploy.0 = Release|x64
		{741FA195-C559-4177-8D09-4CC3410A8EB5}.Debug|Win32.ActiveCfg = Debug|Win32
		{741FA195-C559-4177-8D09-4CC3410A8EB5}.Debug|Win32.Build.0 = Debug|Win32
		{741FA195-C559-4177-8D09-4CC3410A8EB5}.Debug|Win32.Deploy.0 = Debug|Win32
		{741FA195-C559-4177-8D09-4CC3410A8EB5}.Debug|x64.ActiveCfg = Debug|x64
		{741FA195-C559-4177-8D09-4CC3410A8EB5}.Debug|x64.Build.0 = Debug|x64
		{741FA195-C559-4177-8D09-4CC3410A8EB5}.Debug|x64.Deploy.0 = Debug|x64
		{741FA195-C559-4177-8D09-4CC3410A8EB5}.Release|Win32.ActiveCfg = Release|Win32
		{741FA195-C559-4177-8D09-4CC3410A8EB5}.Release|Win32.Build.0 = Release|Win32
		{741FA195-C559-4177-8D09-4CC3410A8EB5}.Release|Win32.Deploy.0 = Release|Win32
		{741FA195-C559-4177-8D09-4CC3410A8EB5}.Release|x64.ActiveCfg = Release|x64
		{741FA195-C559-4177-8D09-4CC3410A8EB5}.Release|x64.Build.0 = Release|x64
		{741FA195-C559-4177-8D09-4CC3410A8EB5}.Release|x64.Deploy.0 = Release|x64
		{4D4E89D2-63A2-4940-A985-AFE4CF5CE005}.Debug|Win32.ActiveCfg = Debug|Win32
		{4D4E89D2-63A2-4940-A985-AFE4CF5CE005}.Debug|Win32.Build.0 = Debug|Win32
		{4D4E89D2-63A2-4940-A985-AFE4CF5CE005}.Debug|Win32.Deploy.0 = Debug|Win32
		{4D4E89D2-63A2-4940-A985-AFE4CF5CE005}.Debug|x64.ActiveCfg = Debug|x64
		{4D4E89D2-63A2-4940-A985-AFE4CF5CE005}.Debug|x64.Build.0 = Debug|x64
		{4D4E89D2-63A2-4940-A985-AFE4CF5CE005}.Debug|x64.Deploy.0 = Debug|x64
		{4D4E89D2-63A2-4940-A985-AFE4CF5CE005}.Release|Win32.ActiveCfg = Release|Win32
		{4D4E89D2-63A2-4940-A985-AFE4CF5CE005}.Release|Win32.Build.0 = Release|Win32
		{4D4E89D2-63A2-4940-A985-AFE4CF5CE005}.Release|Win32.Deploy.0 = Release|Win32
		{4D4E89D2-63A2-4940-A985-AFE4CF5CE005}.Release|x64.ActiveCfg = Release|x64
		{4D4E89D2-63A2-4940-A985-AFE4CF5CE005}.Release|x64.Build.0 = Release|x64
		{4D4E89D2-63A2-4940-A985-AFE4CF5CE005}.Release|x64.Deploy.0 = Release|x64
		{C5E9CE4E-1112-44E0-9CB0-6A051DF69F3C}.Debug|Win32.ActiveCfg = Debug|Win32
		{C5E9CE4E-1112-44E0-9CB0-6A051DF69F3C}.Debug|Win32.Build.0 = Debug|Win32
		{C5E9CE4E-1112-44E0-9CB0-6A051DF69F3C}.Debug|Win32.Deploy.0 = Debug|Win32
		{C5E9CE4E-1112-44E0-9CB0-6A051DF69F3C}.Debug|x64.ActiveCfg = Debug|x64
		{C5E9CE4E-1112-44E0-9CB0-6A051DF69F3C}.Debug|x64.Build.0 = Debug|x64
		{C5E9CE4E-1112-44E0-9CB0-6A051DF69F3C}.Debug|x64.Deploy.0 = Debug|x64
		{C5E9CE4E-1112-44E0-9CB0-6A051DF69F3C}.Release|Win32.ActiveCfg = Release|Win32
		{C5E9CE4E-1112-44E0-9CB0-6A051DF69F3C}.Release|Win32.Build.0 = Release|Win32
		{C5E9CE4E-1112-44E0-9CB0-6A051DF69F3C}.Release|Win32.Deploy.0 = Release|Win32
		{C5E9CE4E-1112-44E0-9CB0-6A051DF69F3C}.Release|x64.ActiveCfg = Release|x64
		{C5E9CE4E-1112-44E0-9CB0-6A051DF69F3C}.Release|x64.Build.0 = Release|x64
		{C5E9CE4E-1112-44E0-9CB0-6A051DF69F3C}.Release|x64.Deploy.0 = Release|x64
		{B461849E-B326-41A2-BB46-1141240FFFE9}.Debug|Win32.ActiveCfg = Debug|Win32
		{B461849E-B326-41A2-BB46-1141240FFFE9}.Debug|Win32.Build.0 = Debug|Win32
		{B461849E-B326-41A2-BB46-1141240FFFE9}.Debug|Win32.Deploy.0 = Debug|Win32
		{B461849E-B326-41A2-BB46-1141240FFFE9}.Debug|x64.ActiveCfg = Debug|x64
		{B461849E-B326-41A2-BB46-1141240FFFE9}.Debug|x64.Build.0 = Debug|x64
		{B461849E-B326-41A2-BB46-1141240FFFE9}.Debug|x64.Deploy.0 = Debug|x64
		{B461849E-B326-41A2-BB46-1141240FFFE9}.Release|Win32.ActiveCfg = Release|Win32
		{B461849E-B326-41A2-BB46-1141240FFFE9}.Release|Win32.Build.0 = Release|Win32
		{B461849E-B326-41A2-BB46-1141240FFFE9}.Release|Win32.Deploy.0 = Release|Win32
		{B461849E-B326-41A2-BB46-1141240FFFE9}.Release|x64.ActiveCfg = Release|x64
		{B461849E-B326-41A2-BB46-1141240FFFE9}.Release|x64.Build.0 = Release|x64
		{B461849E-B326-41A2-BB46-1141240FFFE9}.Release|x64.Deploy.0 = Release|x64
		{5148382F-6320-477F-BEAA-0E6ED28E15F9}.Debug|Win32.ActiveCfg = Debug|Win32
		{5148382F-6320-477F-BEAA-0E6ED28E15F9}.Debug|Win32.Build.0 = Debug|Win32
		{5148382F-6320-477F-BEAA-0E6ED28E15F9}.Debug|Win32.Deploy.0 = Debug|Win32
		{5148382F-6320-477F-BEAA-0E6ED28E15F9}.Debug|x64.ActiveCfg = Debug|x64
		{5148382F-6320-477F-BEAA-0E6ED28E15F9}.Debug|x64.Build.0 = Debug|x64
		{5148382F-6320-477F-BEAA-0E6ED28E15F9}.Debug|x64.Deploy.0 = Debug|x64
		{5148382F-6320-477F-BEAA-0E6ED28E15F9}.Release|Win32.ActiveCfg = Release|Win32
		{5148382F-6320-477F-BEAA-0E6ED28E15F9}.Release|Win32.Build.0 = Release|Win32
		{5148382F-6320-477F-BEAA-0E6ED28E15F9}.Release|Win32.Deploy.0 = Release|Win32
		{5148382F-6320-477F-BEAA-0E6ED28E15F9}.Release|x64.ActiveCfg = Release|x64
		{5148382F-6320-477F-BEAA-0E6ED28E15F9}.Release|x64.Build.0 = Release|x64
		{5148382F-6320-477F-BEAA-0E6ED28E15F9}.Release|x64.Deploy.0 = Release|x64
		{F580BC58-BD6B-41FA-A0FF-D2E5B17DF886}.Debug|Win32.ActiveCfg = Debug|Win32
		{F580BC58-BD6B-41FA-A0FF-D2E5B17DF886}.Debug|Win32.Build.0 = Debug|Win32
		{F580BC58-BD6B-41FA-A0FF-D2E5B17DF886}.Debug|Win32.Deploy.0 = Debug|Win32
		{F580BC58-BD6B-41FA-A0FF-D2E5B17DF886}.Debug|x64.ActiveCfg = Debug|x64
		{F580BC58-BD6B-41FA-A0FF-D2E5B17DF886}.Debug|x64.Build.0 = Debug|x64
		{F580BC58-BD6B-41FA-A0FF-D2E5B17DF886}.Debug|x64.Deploy.0 = Debug|x64
		{F580BC58-BD6B-41FA-A0FF-D2E5B17DF886}.Release|Win32.ActiveCfg = Release|Win32
		{F580BC58-BD6B-41FA-A0FF-D2E5B17DF886}.Release|Win32.Build.0 = Release|Win32
		{F580BC58-BD6B-41FA-A0FF-D2E5B17DF886}.Release|Win32.Deploy.0 = Release|Win32
		{F580BC58-BD6B-41FA-A0FF-D2E5B17DF886}.Release|x64.ActiveCfg = Release|x64
		{F580BC58-BD6B-41FA-A0FF-D2E5B17DF886}.Release|x64.Build.0 = Release|x64
		{F580BC58-BD6B-41FA-A0FF-D2E5B17DF886}.Release|x64.Deploy.0 = Release|x64
		{12E72AB7-31E8-49B9-813E-42F5E5B26534}.Debug|Win32.ActiveCfg = Debug|Win32
		{12E72AB7-31E8-49B9-813E-42F5E5B26534}.Debug|Win32.Build.0 = Debug|Win32
		{12E72AB7-31E8-49B9-813E-42F5E5B26534}.Debug|Win32.Deploy.0 = Debug|Win32
		{12E72AB7-31E8-49B9-813E-42F5E5B26534}.Debug|x64.ActiveCfg = Debug|x64
		{12E72AB7-31E8-49B9-813E-42F5E5B26534}.Debug|x64.Build.0 = Debug|x64
		{12E72AB7-31E8-49B9-813E-42F5E5B26534}.Debug|x64.Deploy.0 = Debug|x64
		{12E72AB7-31E8-49B9-813E-42F5E5B26534}.Release|Win32.ActiveCfg = Release|Win32
		{12E72AB7-31E8-49B9-813E-42F5E5B26534}.Release|Win32.Build.0 = Release|Win32
		{12E72AB7-31E8-49B9-813E-42F5E5B26534}.Release|Win32.Deploy.0 = Release|Win32
		{12E72AB7-31E8-49B9-813E-42F5E5B26534}.Release|x64.ActiveCfg = Release|x64
		{12E72AB7-31E8-49B9-813E-42F5E5B26534}.Release|x64.Build.0 = Release|x64
		{12E72AB7-31E8-49B9-813E-42F5E5B26534}.Release|x64.Deploy.0 = Release|x64
		{592D625A-3B21-465E-991B-C42B62E2AE58}.Debug|Win32.ActiveCfg = Debug|Win32
		{592D625A-3B21-465E-991B-C42B62E2AE58}.Debug|Win32.Build.0 = Debug|Win32
		{592D625A-3B21-465E-991B-C42B62E2AE58}.Debug|Win32.Deploy.0 = Debug|Win32
		{592D625A-3B21-465E-991B-C42B62E2AE58}.Debug|x64.ActiveCfg = Debug|x64
		{592D625A-3B21-465E-991B-C42B62E2AE58}.Debug|x64.Build.0 = Debug|x64
		{592D625A-3B21-465E-991B-C42B62E2AE58}.Debug|x64.Deploy.0 = Debug|x64
		{592D625A-3B21-465E-991B-C42B62E2AE58}.Release|Win32.ActiveCfg = Release|Win32
		{592D625A-3B21-465E-991B-C42B62E2AE58}.Release|Win32.Build.0 = Release|Win32
		{592D625A-3B21-465E-991B-C42B62E2AE58}.Release|Win32.Deploy.0 = Release|Win32
		{592D625A-3B21-465E-991B-C42B62E2AE58}.Release|x64.ActiveCfg = Release|x64
		{592D625A-3B21-465E-991B-C42B62E2AE58}.Release|x64.Build.0 = Release|x64
		{592D625A-3B21-465E-991B-C42B62E2AE58}.Release|x64.Deploy.0 = Release|x64
		{69D0E6AA-7CE0-4987-84E8-CB6759927F94}.Debug|Win32.ActiveCfg = Debug|Win32
		{69D0E6AA-7CE0-4987-84E8-CB6759927F94}.Debug|Win32.Build.0 = Debug|Win32
		{69D0E6AA-7CE0-4987-84E8-CB6759927F94}.Debug|Win32.Deploy.0 = Debug|Win32
		{69D0E6AA-7CE0-4987-84E8-CB6759927F94}.Debug|x64.ActiveCfg = Debug|x64
		{69D0E6AA-7CE0-4987-84E8-CB6759927F94}.Debug|x64.Build.0 = Debug|x64
		{69D0E6AA-7CE0-4987-84E8-CB6759927F94}.Debug|x64.Deploy.0 = Debug|x64
		{69D0E6AA-7CE0-4987-84E8-CB6759927F94}.Release|Win32.ActiveCfg = Release|Win32
		{69D0E6AA-7CE0-4987-84E8-CB6759927F94}.Release|Win32.Build.0 = Release|Win32
		{69D0E6AA-7CE0-4987-84E8-CB6759927F94}.Release|Win32.Deploy.0 = Release|Win32
		{69D0E6AA-7CE0-4987-84E8-CB6759927F94}.Release|x64.ActiveCfg = Release|x64
		{69D0E6AA-7CE0-4987-84E8-CB6759927F94}.Release|x64.Build.0 = Release|x64
		{69D0E6AA-7CE0-4987-84E8-CB6759927F94}.Release|x64.Deploy.0 = Release|x64
		{A4AB82EB-DBD5-468C-B128-733F3649CBC4}.Debug|Win32.ActiveCfg = Debug|Win32
		{A4AB82EB-DBD5-468C-B128-733F3649CBC4}.Debug|Win32.Build.0 = Debug|Win32
		{A4AB82EB-DBD5-468C-B128-733F3649CBC4}.Debug|Win32.Deploy.0 = Debug|Win32
		{A4AB82EB-DBD5-468C-B128-733F3649CBC4}.Debug|x64.ActiveCfg = Debug|x64
		{A4AB82EB-DBD5-468C-B128-733F3649CBC4}.Debug|x64.Build.0 = Debug|x64
		{A4AB82EB-DBD5-468C-B128-733F3649CBC4}.Debug|x64.Deploy.0 = Debug|x64
		{A4AB82EB-DBD5-468C-B128-733F3649CBC4}.Release|Win32.ActiveCfg = Release|Win32
		{A4AB82EB-DBD5-468C-B128-733F3649CBC4}.Release|Win32.Build.0 = Release|Win32
		{A4AB82EB-DBD5-468C-B128-733F3649CBC4}.Release|Win32.Deploy.0 = Release|Win32
		{A4AB82EB-DBD5-468C-B128-733F3649CBC4}.Release|x64.ActiveCfg = Release|x64
		{A4AB82EB-DBD5-468C-B128-733F3649CBC4}.Release|x64.Build.0 = Release|x64
		{A4AB82EB-DBD5-468C-B128-733F3649CBC4}.Release|x64.Deploy.0 = Release|x64
		{8BB29A93-57E9-4B6A-ABB0-2FA83CE67CD8}.Debug|Win32.ActiveCfg = Debug|Win32
		{8BB29A93-57E9-4B6A-ABB0-2FA83CE67CD8}.Debug|Win32.Build.0 = Debug|Win32
		{8BB29A93-57E9-4B6A-ABB0-2FA83CE67CD8}.Debug|Win32.Deploy.0 = Debug|Win32
		{8BB29A93-57E9-4B6A-ABB0-2FA83CE67CD8}.Debug|x64.ActiveCfg = Debug|x64
		{8BB29A93-57E9-4B6A-ABB0-2FA83CE67CD8}.Debug|x64.Build.0 = Debug|x64
		{8BB29A93-57E9-4B6A-ABB0-2FA83CE67CD8}.Debug|x64.Deploy.0 = Debug|x64
		{8BB29A93-57E9-4B6A-ABB0-2FA83CE67CD8}.Release|Win32.ActiveCfg = Release|Win32
		{8BB29A93-57E9-4B6A-ABB0-2FA83CE67CD8}.Release|Win32.Build.0 = Release|Win32
		{8BB29A93-57E9-4B6A-ABB0-2FA83CE67CD8}.Release|Win32.Deploy.0 = Release|Win32
		{8BB29A93-57E9-4B6A-ABB0-2FA83CE67CD8}.Release|x64.ActiveCfg = Release|x64
		{8BB29A93-57E9-4B6A-ABB0-2FA83CE67CD8}.Release|x64.Build.0 = Release|x64
		{8BB29A93-57E9-4B6A-ABB0-2FA83CE67CD8}.Release|x64.Deploy.0 = Release|x64
		{37FE7478-9B6C-45F7-9E99-9BD402666712}.Debug|Win32.ActiveCfg = Debug|Win32
		{37FE7478-9B6C-45F7-9E99-9BD402666712}.Debug|Win32.Build.0 = Debug|Win32
		{37FE7478-9B6C-45F7-9E99-9BD402666712}.Debug|Win32.Deploy.0 = Debug|Win32
		{37FE7478-9B6C-45F7-9E99-9BD402666712}.Debug|x64.ActiveCfg = Debug|x64
		{37FE7478-9B6C-45F7-9E99-9BD402666712}.Debug|x64.Build.0 = Debug|x64
		{37FE7478-9B6C-45F7-9E99-9BD402666712}.Debug|x64.Deploy.0 = Debug|x64
		{37FE7478-9B6C-45F7-9E99-9BD402666712}.Release|Win32.ActiveCfg = Release|Win32
		{37FE7478-9B6C-45F7-9E99-9BD402666712}.Release|Win32.Build.0 = Release|Win32
		{37FE7478-9B6C-45F7-9E99-9BD402666712}.Release|Win32.Deploy.0 = Release|Win32
		{37FE7478-9B6C-45F7-9E99-9BD402666712}.Release|x64.ActiveCfg = Release|x64
		{37FE7478-9B6C-45F7-9E99-9BD402666712}.Release|x64.Build.0 = Release|x64
		{37FE7478-9B6C-45F7-9E99-9BD402666712}.Release|x64.Deploy.0 = Release|x64
		{590AF4B9-EF2C-43C3-81E3-17BA74F53BF7}.Debug|Win32.ActiveCfg = Debug|Win32
		{590AF4B9-EF2C-43C3-81E3-17BA74F53BF7}.Debug|Win32.Build.0 = Debug|Win32
		{590AF4B9-EF2C-43C3-81E3-17BA74F53BF7}.Debug|Win32.Deploy.0 = Debug|Win32
		{590AF4B9-EF2C-43C3-81E3-17BA74F53BF7}.Debug|x64.ActiveCfg = Debug|x64
		{590AF4B9-EF2C-43C3-81E3-17BA74F53BF7}.Debug|x64.Build.0 = Debug|x64
		{590AF4B9-EF2C-43C3-81E3-17BA74F53BF7}.Debug|x64.Deploy.0 = Debug|x64
		{590AF4B9-EF2C-43C3-81E3-17BA74F53BF7}.Release|Win32.ActiveCfg = Release|Win32
		{590AF4B9-EF2C-43C3-81E3-17BA74F53BF7}.Release|Win32.Build.0 = Release|Win32
		{590AF4B9-EF2C-43C3-81E3-17BA74F53BF7}.Release|Win32.Deploy.0 = Release|Win32
		{590AF4B9-EF2C-43C3-81E3-17BA74F53BF7}.Release|x64.ActiveCfg = Release|x64
		{590AF4B9-EF2C-43C3-81E3-17BA74F53BF7}.Release|x64.Build.0 = Release|x64
		{590AF4B9-EF2C-43C3-81E3-17BA74F53BF7}.Release|x64.Deploy.0 = Release|x64
		{451BD047-988E-4E54-A112-31AE23C514DF}.Debug|Win32.ActiveCfg = Debug|Win32
		{451BD047-988E-4E54-A112-31AE23C514DF}.Debug|Win32.Build.0 = Debug|Win32
		{451BD047-988E-4E54-A112-31AE23C514DF}.Debug|Win32.Deploy.0 = Debug|Win32
		{451BD047-988E-4E54-A112-31AE23C514DF}.Debug|x64.ActiveCfg = Debug|x64
		{451BD047-988E-4E54-A112-31AE23C514DF}.Debug|x64.Build.0 = Debug|x64
		{451BD047-988E-4E54-A112-31AE23C514DF}.Debug|x64.Deploy.0 = Debug|x64
		{451BD047-988E-4E54-A112-31AE23C514DF}.Release|Win32.ActiveCfg = Release|Win32
		{451BD047-988E-4E54-A112-31AE23C514DF}.Release|Win32.Build.0 = Release|Win32
		{451BD047-988E-4E54-A112-31AE23C514DF}.Release|Win32.Deploy.0 = Release|Win32
		{451BD047-988E-4E54-A112-31AE23C514DF}.Release|x64.ActiveCfg = Release|x64
		{451BD047-988E-4E54-A112-31AE23C514DF}.Release|x64.Build.0 = Release|x64
		{451BD047-988E-4E54-A112-31AE23C514DF}.Release|x64.Deploy.0 = Release|x64
		{9E1419AE-6FDA-4980-99BF-50F38AADBD08}.Debug|Win32.ActiveCfg = Debug|Win32
		{9E1419AE-6FDA-4980-99BF-50F38AADBD08}.Debug|Win32.Build.0 = Debug|Win32
		{9E1419AE-6FDA-4980-99BF-50F38AADBD08}.Debug|Win32.Deploy.0 = Debug|Win32
		{9E1419AE-6FDA-4980-99BF-50F38AADBD08}.Debug|x64.ActiveCfg = Debug|x64
		{9E1419AE-6FDA-4980-99BF-50F38AADBD08}.Debug|x64.Build.0 = Debug|x64
		{9E1419AE-6FDA-4980-99BF-50F38AADBD08}.Debug|x64.Deploy.0 = Debug|x64
		{9E1419AE-6FDA-4980-99BF-50F38AADBD08}.Release|Win32.ActiveCfg = Release|Win32
		{9E1419AE-6FDA-4980-99BF-50F38AADBD08}.Release|Win32.Build.0 = Release|Win32
		{9E1419AE-6FDA-4980-99BF-50F38AADBD08}.Release|Win32.Deploy.0 = Release|Win32
		{9E1419AE-6FDA-4980-99BF-50F38AADBD08}.Release|x64.ActiveCfg = Release|x64
		{9E1419AE-6FDA-4980-99BF-50F38AADBD08}.Release|x64.Build.0 = Release|x64
		{9E1419AE-6FDA-4980-99BF-50F38AADBD08}.Release|x64.Deploy.0 = Release|x64
		{F71C3EC2-F72F-4926-BDC4-9CDDEEAE2906}.Debug|Win32.ActiveCfg = Debug|Win32
		{F71C3EC2-F72F-4926-BDC4-9CDDEEAE2906}.Debug|Win32.Build.0 = Debug|Win32
		{F71C3EC2-F72F-4926-BDC4-9CDDEEAE2906}.Debug|Win32.Deploy.0 = Debug|Win32
		{F71C3EC2-F72F-4926-BDC4-9CDDEEAE2906}.Debug|x64.ActiveCfg = Debug|x64
		{F71C3EC2-F72F-4926-BDC4-9CDDEEAE2906}.Debug|x64.Build.0 = Debug|x64
		{F71C3EC2-F72F-4926-BDC4-9CDDEEAE2906}.Debug|x64.Deploy.0 = Debug|x64
		{F71C3EC2-F72F-4926-BDC4-9CDDEEAE2906}.Release|Win32.ActiveCfg = Release|Win32
		{F71C3EC2-F72F-4926-BDC4-9CDDEEAE2906}.Release|Win32.Build.0 = Release|Win32
		{F71C3EC2-F72F-4926-BDC4-9CDDEEAE2906}.Release|Win32.Deploy.0 = Release|Win32
		{F71C3EC2-F72F-4926-BDC4-9CDDEEAE2906}.Release|x64.ActiveCfg = Release|x64
		{F71C3EC2-F72F-4926-BDC4-9CDDEEAE2906}.Release|x64.Build.0 = Release|x64
		{F71C3EC2-F72F-4926-BDC4-9CDDEEAE2906}.Release|x64.Deploy.0 = Release|x64
		{1F01F49D-7638-4037-ADFA-FB051F78824D}.Debug|Win32.ActiveCfg = Debug|Win32
		{1F01F49D-7638-4037-ADFA-FB051F78824D}.Debug|Win32.Build.0 = Debug|Win32
		{1F01F49D-7638-4037-ADFA-FB051F78824D}.Debug|Win32.Deploy.0 = Debug|Win32
		{1F01F49D-7638-4037-ADFA-FB051F78824D}.Debug|x64.ActiveCfg = Debug|x64
		{1F01F49D-7638-4037-ADFA-FB051F78824D}.Debug|x64.Build.0 = Debug|x64
		{1F01F49D-7638-4037-ADFA-FB051F78824D}.Debug|x64.Deploy.0 = Debug|x64
		{1F01F49D-7638-4037-ADFA-FB051F78824D}.Release|Win32.ActiveCfg = Release|Win32
		{1F01F49D-7638-4037-ADFA-FB051F78824D}.Release|Win32.Build.0 = Release|Win32
		{1F01F49D-7638-4037-ADFA-FB051F78824D}.Release|Win32.Deploy.0 = Release|Win32
		{1F01F49D-7638-4037-ADFA-FB051F78824D}.Release|x64.ActiveCfg = Release|x64
		{1F01F49D-7638-4037-ADFA-FB051F78824D}.Release|x64.Build.0 = Release|x64
		{1F01F49D-7638-4037-ADFA-FB051F78824D}.Release|x64.Deploy.0 = Release|x64
		{306E47C4-4545-4544-A677-2A13A378F4AD}.Debug|Win32.ActiveCfg = Debug|Win32
		{306E47C4-4545-4544-A677-2A13A378F4AD}.Debug|Win32.Build.0 = Debug|Win32
		{306E47C4-4545-4544-A677-2A13A378F4AD}.Debug|Win32.Deploy.0 = Debug|Win32
		{306E47C4-4545-4544-A677-2A13A378F4AD}.Debug|x64.ActiveCfg = Debug|x64
		{306E47C4-4545-4544-A677-2A13A378F4AD}.Debug|x64.Build.0 = Debug|x64
		{306E47C4-4545-4544-A677-2A13A378F4AD}.Debug|x64.Deploy.0 = Debug|x64
		{306E47C4-4545-4544-A677-2A13A378F4AD}.Release|Win32.ActiveCfg = Release|Win32
		{306E47C4-4545-4544-A677-2A13A378F4AD}.Release|Win32.Build.0 = Release|Win32
		{306E47C4-4545-4544-A677-2A13A378F4AD}.Release|Win32.Deploy.0 = Release|Win32
		{306E47C4-4545-4544-A677-2A13A378F4AD}.Release|x64.ActiveCfg = Release|x64
		{306E47C4-4545-4544-A677-2A13A378F4AD}.Release|x64.Build.0 = Release|x64
		{306E47C4-4545-4544-A677-2A13A378F4AD}.Release|x64.Deploy.0 = Release|x64
		{6031261C-275B-46E3-85A1-771D561D2C7F}.Debug|Win32.ActiveCfg = Debug|Win32
		{6031261C-275B-46E3-85A1-771D561D2C7F}.Debug|Win32.Build.0 = Debug|Win32
		{6031261C-275B-46E3-85A1-771D561D2C7F}.Debug|Win32.Deploy.0 = Debug|Win32
		{6031261C-275B-46E3-85A1-771D561D2C7F}.Debug|x64.ActiveCfg = Debug|x64
		{6031261C-275B-46E3-85A1-771D561D2C7F}.Debug|x64.Build.0 = Debug|x64
		{6031261C-275B-46E3-85A1-771D561D2C7F}.Debug|x64.Deploy.0 = Debug|x64
		{6031261C-275B-46E3-85A1-771D561D2C7F}.Release|Win32.ActiveCfg = Release|Win32
		{6031261C-275B-46E3-85A1-771D561D2C7F}.Release|Win32.Build.0 = Release|Win32
		{6031261C-275B-46E3-85A1-771D561D2C7F}.Release|Win32.Deploy.0 = Release|Win32
		{6031261C-275B-46E3-85A1-771D561D2C7F}.Release|x64.ActiveCfg = Release|x64
		{6031261C-275B-46E3-85A1-771D561D2C7F}.Release|x64.Build.0 = Release|x64
		{6031261C-275B-46E3-85A1-771D561D2C7F}.Release|x64.Deploy.0 = Release|x64
		{961F4266-F80C-427B-B7A2-6BAE0C33B934}.Debug|Win32.ActiveCfg = Debug|Win32
		{961F4266-F80C-427B-B7A2-6BAE0C33B934}.Debug|Win32.Build.0 = Debug|Win32
		{961F4266-F80C-427B-B7A2-6BAE0C33B934}.Debug|Win32.Deploy.0 = Debug|Win32
		{961F4266-F80C-427B-B7A2-6BAE0C33B934}.Debug|x64.ActiveCfg = Debug|x64
		{961F4266-F80C-427B-B7A2-6BAE0C33B934}.Debug|x64.Build.0 = Debug|x64
		{961F4266-F80C-427B-B7A2-6BAE0C33B934}.Debug|x64.Deploy.0 = Debug|x64
		{961F4266-F80C-427B-B7A2-6BAE0C33B934}.Release|Win32.ActiveCfg = Release|Win32
		{961F4266-F80C-427B-B7A2-6BAE0C33B934}.Release|Win32.Build.0 = Release|Win32
		{961F4266-F80C-427B-B7A2-6BAE0C33B934}.Release|Win32.Deploy.0 = Release|Win32
		{961F4266-F80C-427B-B7A2-6BAE0C33B934}.Release|x64.ActiveCfg = Release|x64
		{961F4266-F80C-427B-B7A2-6BAE0C33B934}.Release|x64.Build.0 = Release|x64
		{961F4266-F80C-427B-B7A2-6BAE0C33B934}.Release|x64.Deploy.0 = Release|x64
		{4AD18103-6FBD-4ECF-98ED-E72A2FB50B86}.Debug|Win32.ActiveCfg = Debug|Win32
		{4AD18103-6FBD-4ECF-98ED-E72A2FB50B86}.Debug|Win32.Build.0 = Debug|Win32
		{4AD18103-6FBD-4ECF-98ED-E72A2FB50B86}.Debug|Win32.Deploy.0 = Debug|Win32
		{4AD18103-6FBD-4ECF-98ED-E72A2FB50B86}.Debug|x64.ActiveCfg = Debug|x64
		{4AD18103-6FBD-4ECF-98ED-E72A2FB50B86}.Debug|x64.Build.0 = Debug|x64
		{4AD18103-6FBD-4ECF-98ED-E72A2FB50B86}.Debug|x64.Deploy.0 = Debug|x64
		{4AD18103-6FBD-4ECF-98ED-E72A2FB50B86}.Release|Win32.ActiveCfg = Release|Win32
		{4AD18103-6FBD-4ECF-98ED-E72A2FB50B86}.Release|Win32.Build.0 = Release|Win32
		{4AD18103-6FBD-4ECF-98ED-E72A2FB50B86}.Release|Win32.Deploy.0 = Release|Win32
		{4AD18103-6FBD-4ECF-98ED-E72A2FB50B86}.Release|x64.ActiveCfg = Release|x64
		{4AD18103-6FBD-4ECF-98ED-E72A2FB50B86}.Release|x64.Build.0 = Release|x64
		{4AD18103-6FBD-4ECF-98ED-E72A2FB50B86}.Release|x64.Deploy.0 = Release|x64
		{59F453A1-9AC2-4661-9FBF-E0B53ED3364E}.Debug|Win32.ActiveCfg = Debug|Win32
		{59F453A1-9AC2-4661-9FBF-E0B53ED3364E}.Debug|Win32.Build.0 = Debug|Win32
		{59F453A1-9AC2-4661-9FBF-E0B53ED3364E}.Debug|Win32.Deploy.0 = Debug|Win32
		{59F453A1-9AC2-4661-9FBF-E0B53ED3364E}.Debug|x64.ActiveCfg = Debug|x64
		{59F453A1-9AC2-4661-9FBF-E0B53ED3364E}.Debug|x64.Build.0 = Debug|x64
		{59F453A1-9AC2-4661-9FBF-E0B53ED3364E}.Debug|x64.Deploy.0 = Debug|x64
		{59F453A1-9AC2-4661-9FBF-E0B53ED3364E}.Release|Win32.ActiveCfg = Release|Win32
		{59F453A1-9AC2-4661-9FBF-E0B53ED3364E}.Release|Win32.Build.0 = Release|Win32
		{59F453A1-9AC2-4661-9FBF-E0B53ED3364E}.Release|Win32.Deploy.0 = Release|Win32
		{59F453A1-9AC2-4661-9FBF-E0B53ED3364E}.Release|x64.ActiveCfg = Release|x64
		{59F453A1-9AC2-4661-9FBF-E0B53ED3364E}.Release|x64.Build.0 = Release|x64
		{59F453A1-9AC2-4661-9FBF-E0B53ED3364E}.Release|x64.Deploy.0 = Release|x64
	EndGlobalSection
	GlobalSection(SolutionProperties) = preSolution
		HideSolutionNode = FALSE
	EndGlobalSection
EndGlobal
