
Microsoft Visual Studio Solution File, Format Version 11.00
# Visual Studio Version 16
Project("{8BC9CEB8-8B4A-11D0-8D11-00A0C91BC942}") = "3d", "3d.vcxproj", "{3AD06418-81AF-452D-A491-0D82A7792A4A}"
EndProject
Project("{8BC9CEB8-8B4A-11D0-8D11-00A0C91BC942}") = "asyncio", "asyncio.vcxproj", "{4F1E339B-E0DE-48A0-BDE8-1A3319C16499}"
EndProject
Project("{8BC9CEB8-8B4A-11D0-8D11-00A0C91BC942}") = "channel_groups", "channel_groups.vcxproj", "{EDA00567-93D7-4E10-B659-318982847B28}"
EndProject
Project("{8BC9CEB8-8B4A-11D0-8D11-00A0C91BC942}") = "convolution_reverb", "convolution_reverb.vcxproj", "{B63DF24D-220F-455C-A14E-3BE69704B596}"
EndProject
Project("{8BC9CEB8-8B4A-11D0-8D11-00A0C91BC942}") = "dsp_custom", "dsp_custom.vcxproj", "{9AEF97A8-F322-4476-9DA8-50DB62FB23CC}"
EndProject
Project("{8BC9CEB8-8B4A-11D0-8D11-00A0C91BC942}") = "dsp_effect_per_speaker", "dsp_effect_per_speaker.vcxproj", "{1209145C-909A-46E9-843B-056D9F3FD3B7}"
EndProject
Project("{8BC9CEB8-8B4A-11D0-8D11-00A0C91BC942}") = "dsp_inspector", "dsp_inspector.vcxproj", "{14AD4772-E7A4-40E9-BC05-6A70EEB29220}"
EndProject
Project("{8BC9CEB8-8B4A-11D0-8D11-00A0C91BC942}") = "effects", "effects.vcxproj", "{0ED242E0-A93E-46ED-B8E4-4FB29C576F08}"
EndProject
Project("{8BC9CEB8-8B4A-11D0-8D11-00A0C91BC942}") = "gapless_playback", "gapless_playback.vcxproj", "{53250ABA-4367-4A0A-B9A7-B839EAACC924}"
EndProject
Project("{8BC9CEB8-8B4A-11D0-8D11-00A0C91BC942}") = "generate_tone", "generate_tone.vcxproj", "{B6514B77-1EC8-4F7F-B3EE-313EB8BB2DE9}"
EndProject
Project("{8BC9CEB8-8B4A-11D0-8D11-00A0C91BC942}") = "granular_synth", "granular_synth.vcxproj", "{8EECF870-EB60-437D-A241-ECF08C02D94F}"
EndProject
Project("{8BC9CEB8-8B4A-11D0-8D11-00A0C91BC942}") = "load_from_memory", "load_from_memory.vcxproj", "{A055AF7D-D57C-45F9-B5DA-B2094875C9ED}"
EndProject
Project("{8BC9CEB8-8B4A-11D0-8D11-00A0C91BC942}") = "multiple_speaker", "multiple_speaker.vcxproj", "{9169ADC6-F88E-4AC0-B403-12C6D8B24361}"
EndProject
Project("{8BC9CEB8-8B4A-11D0-8D11-00A0C91BC942}") = "multiple_system", "multiple_system.vcxproj", "{1AAD0113-AF42-43DE-A77C-56EFA2FE8A99}"
EndProject
Project("{8BC9CEB8-8B4A-11D0-8D11-00A0C91BC942}") = "net_stream", "net_stream.vcxproj", "{7D50D332-D15A-4322-8ACD-DD8C98CB5CC5}"
EndProject
Project("{8BC9CEB8-8B4A-11D0-8D11-00A0C91BC942}") = "play_sound", "play_sound.vcxproj", "{31EB5E7B-262F-401A-A40A-92F4927692C5}"
EndProject
Project("{8BC9CEB8-8B4A-11D0-8D11-00A0C91BC942}") = "play_stream", "play_stream.vcxproj", "{05A8B163-EC42-45E3-8B5D-659B94AF4959}"
EndProject
Project("{8BC9CEB8-8B4A-11D0-8D11-00A0C91BC942}") = "record", "record.vcxproj", "{3B553453-A28A-459A-9676-7D1870306B27}"
EndProject
Project("{8BC9CEB8-8B4A-11D0-8D11-00A0C91BC942}") = "record_enumeration", "record_enumeration.vcxproj", "{ABF80492-619B-4CCD-92D4-153CF46A1F46}"
EndProject
Project("{8BC9CEB8-8B4A-11D0-8D11-00A0C91BC942}") = "user_created_sound", "user_created_sound.vcxproj", "{CFCC3E6B-F37F-4B46-9354-0193A3EE4564}"
EndProject
Project("{8BC9CEB8-8B4A-11D0-8D11-00A0C91BC942}") = "fmod_codec_raw", "fmod_codec_raw.vcxproj", "{5F85646E-F450-4178-A39F-78B1B47F79CF}"
EndProject
Project("{8BC9CEB8-8B4A-11D0-8D11-00A0C91BC942}") = "fmod_distance_filter", "fmod_distance_filter.vcxproj", "{BEFFD69B-F47F-4B76-8677-9962192CD5C8}"
EndProject
Project("{8BC9CEB8-8B4A-11D0-8D11-00A0C91BC942}") = "fmod_gain", "fmod_gain.vcxproj", "{8FD6F8DE-BBD3-4DD5-8125-80C139438CDE}"
EndProject
Project("{8BC9CEB8-8B4A-11D0-8D11-00A0C91BC942}") = "fmod_noise", "fmod_noise.vcxproj", "{DE0C4650-5B33-4A80-80E3-413A31473A4B}"
EndProject
Project("{8BC9CEB8-8B4A-11D0-8D11-00A0C91BC942}") = "output_mp3", "output_mp3.vcxproj", "{E154D02E-1CA3-4FC1-B520-07B4DC128A89}"
EndProject
Global
	GlobalSection(SolutionConfigurationPlatforms) = preSolution
		Debug|Win32 = Debug|Win32
		Debug|x64 = Debug|x64
		Release|Win32 = Release|Win32
		Release|x64 = Release|x64
	EndGlobalSection
	GlobalSection(ProjectConfigurationPlatforms) = postSolution
		{3AD06418-81AF-452D-A491-0D82A7792A4A}.Debug|Win32.ActiveCfg = Debug|Win32
		{3AD06418-81AF-452D-A491-0D82A7792A4A}.Debug|Win32.Build.0 = Debug|Win32
		{3AD06418-81AF-452D-A491-0D82A7792A4A}.Debug|Win32.Deploy.0 = Debug|Win32
		{3AD06418-81AF-452D-A491-0D82A7792A4A}.Debug|x64.ActiveCfg = Debug|x64
		{3AD06418-81AF-452D-A491-0D82A7792A4A}.Debug|x64.Build.0 = Debug|x64
		{3AD06418-81AF-452D-A491-0D82A7792A4A}.Debug|x64.Deploy.0 = Debug|x64
		{3AD06418-81AF-452D-A491-0D82A7792A4A}.Release|Win32.ActiveCfg = Release|Win32
		{3AD06418-81AF-452D-A491-0D82A7792A4A}.Release|Win32.Build.0 = Release|Win32
		{3AD06418-81AF-452D-A491-0D82A7792A4A}.Release|Win32.Deploy.0 = Release|Win32
		{3AD06418-81AF-452D-A491-0D82A7792A4A}.Release|x64.ActiveCfg = Release|x64
		{3AD06418-81AF-452D-A491-0D82A7792A4A}.Release|x64.Build.0 = Release|x64
		{3AD06418-81AF-452D-A491-0D82A7792A4A}.Release|x64.Deploy.0 = Release|x64
		{4F1E339B-E0DE-48A0-BDE8-1A3319C16499}.Debug|Win32.ActiveCfg = Debug|Win32
		{4F1E339B-E0DE-48A0-BDE8-1A3319C16499}.Debug|Win32.Build.0 = Debug|Win32
		{4F1E339B-E0DE-48A0-BDE8-1A3319C16499}.Debug|Win32.Deploy.0 = Debug|Win32
		{4F1E339B-E0DE-48A0-BDE8-1A3319C16499}.Debug|x64.ActiveCfg = Debug|x64
		{4F1E339B-E0DE-48A0-BDE8-1A3319C16499}.Debug|x64.Build.0 = Debug|x64
		{4F1E339B-E0DE-48A0-BDE8-1A3319C16499}.Debug|x64.Deploy.0 = Debug|x64
		{4F1E339B-E0DE-48A0-BDE8-1A3319C16499}.Release|Win32.ActiveCfg = Release|Win32
		{4F1E339B-E0DE-48A0-BDE8-1A3319C16499}.Release|Win32.Build.0 = Release|Win32
		{4F1E339B-E0DE-48A0-BDE8-1A3319C16499}.Release|Win32.Deploy.0 = Release|Win32
		{4F1E339B-E0DE-48A0-BDE8-1A3319C16499}.Release|x64.ActiveCfg = Release|x64
		{4F1E339B-E0DE-48A0-BDE8-1A3319C16499}.Release|x64.Build.0 = Release|x64
		{4F1E339B-E0DE-48A0-BDE8-1A3319C16499}.Release|x64.Deploy.0 = Release|x64
		{EDA00567-93D7-4E10-B659-318982847B28}.Debug|Win32.ActiveCfg = Debug|Win32
		{EDA00567-93D7-4E10-B659-318982847B28}.Debug|Win32.Build.0 = Debug|Win32
		{EDA00567-93D7-4E10-B659-318982847B28}.Debug|Win32.Deploy.0 = Debug|Win32
		{EDA00567-93D7-4E10-B659-318982847B28}.Debug|x64.ActiveCfg = Debug|x64
		{EDA00567-93D7-4E10-B659-318982847B28}.Debug|x64.Build.0 = Debug|x64
		{EDA00567-93D7-4E10-B659-318982847B28}.Debug|x64.Deploy.0 = Debug|x64
		{EDA00567-93D7-4E10-B659-318982847B28}.Release|Win32.ActiveCfg = Release|Win32
		{EDA00567-93D7-4E10-B659-318982847B28}.Release|Win32.Build.0 = Release|Win32
		{EDA00567-93D7-4E10-B659-318982847B28}.Release|Win32.Deploy.0 = Release|Win32
		{EDA00567-93D7-4E10-B659-318982847B28}.Release|x64.ActiveCfg = Release|x64
		{EDA00567-93D7-4E10-B659-318982847B28}.Release|x64.Build.0 = Release|x64
		{EDA00567-93D7-4E10-B659-318982847B28}.Release|x64.Deploy.0 = Release|x64
		{B63DF24D-220F-455C-A14E-3BE69704B596}.Debug|Win32.ActiveCfg = Debug|Win32
		{B63DF24D-220F-455C-A14E-3BE69704B596}.Debug|Win32.Build.0 = Debug|Win32
		{B63DF24D-220F-455C-A14E-3BE69704B596}.Debug|Win32.Deploy.0 = Debug|Win32
		{B63DF24D-220F-455C-A14E-3BE69704B596}.Debug|x64.ActiveCfg = Debug|x64
		{B63DF24D-220F-455C-A14E-3BE69704B596}.Debug|x64.Build.0 = Debug|x64
		{B63DF24D-220F-455C-A14E-3BE69704B596}.Debug|x64.Deploy.0 = Debug|x64
		{B63DF24D-220F-455C-A14E-3BE69704B596}.Release|Win32.ActiveCfg = Release|Win32
		{B63DF24D-220F-455C-A14E-3BE69704B596}.Release|Win32.Build.0 = Release|Win32
		{B63DF24D-220F-455C-A14E-3BE69704B596}.Release|Win32.Deploy.0 = Release|Win32
		{B63DF24D-220F-455C-A14E-3BE69704B596}.Release|x64.ActiveCfg = Release|x64
		{B63DF24D-220F-455C-A14E-3BE69704B596}.Release|x64.Build.0 = Release|x64
		{B63DF24D-220F-455C-A14E-3BE69704B596}.Release|x64.Deploy.0 = Release|x64
		{9AEF97A8-F322-4476-9DA8-50DB62FB23CC}.Debug|Win32.ActiveCfg = Debug|Win32
		{9AEF97A8-F322-4476-9DA8-50DB62FB23CC}.Debug|Win32.Build.0 = Debug|Win32
		{9AEF97A8-F322-4476-9DA8-50DB62FB23CC}.Debug|Win32.Deploy.0 = Debug|Win32
		{9AEF97A8-F322-4476-9DA8-50DB62FB23CC}.Debug|x64.ActiveCfg = Debug|x64
		{9AEF97A8-F322-4476-9DA8-50DB62FB23CC}.Debug|x64.Build.0 = Debug|x64
		{9AEF97A8-F322-4476-9DA8-50DB62FB23CC}.Debug|x64.Deploy.0 = Debug|x64
		{9AEF97A8-F322-4476-9DA8-50DB62FB23CC}.Release|Win32.ActiveCfg = Release|Win32
		{9AEF97A8-F322-4476-9DA8-50DB62FB23CC}.Release|Win32.Build.0 = Release|Win32
		{9AEF97A8-F322-4476-9DA8-50DB62FB23CC}.Release|Win32.Deploy.0 = Release|Win32
		{9AEF97A8-F322-4476-9DA8-50DB62FB23CC}.Release|x64.ActiveCfg = Release|x64
		{9AEF97A8-F322-4476-9DA8-50DB62FB23CC}.Release|x64.Build.0 = Release|x64
		{9AEF97A8-F322-4476-9DA8-50DB62FB23CC}.Release|x64.Deploy.0 = Release|x64
		{1209145C-909A-46E9-843B-056D9F3FD3B7}.Debug|Win32.ActiveCfg = Debug|Win32
		{1209145C-909A-46E9-843B-056D9F3FD3B7}.Debug|Win32.Build.0 = Debug|Win32
		{1209145C-909A-46E9-843B-056D9F3FD3B7}.Debug|Win32.Deploy.0 = Debug|Win32
		{1209145C-909A-46E9-843B-056D9F3FD3B7}.Debug|x64.ActiveCfg = Debug|x64
		{1209145C-909A-46E9-843B-056D9F3FD3B7}.Debug|x64.Build.0 = Debug|x64
		{1209145C-909A-46E9-843B-056D9F3FD3B7}.Debug|x64.Deploy.0 = Debug|x64
		{1209145C-909A-46E9-843B-056D9F3FD3B7}.Release|Win32.ActiveCfg = Release|Win32
		{1209145C-909A-46E9-843B-056D9F3FD3B7}.Release|Win32.Build.0 = Release|Win32
		{1209145C-909A-46E9-843B-056D9F3FD3B7}.Release|Win32.Deploy.0 = Release|Win32
		{1209145C-909A-46E9-843B-056D9F3FD3B7}.Release|x64.ActiveCfg = Release|x64
		{1209145C-909A-46E9-843B-056D9F3FD3B7}.Release|x64.Build.0 = Release|x64
		{1209145C-909A-46E9-843B-056D9F3FD3B7}.Release|x64.Deploy.0 = Release|x64
		{14AD4772-E7A4-40E9-BC05-6A70EEB29220}.Debug|Win32.ActiveCfg = Debug|Win32
		{14AD4772-E7A4-40E9-BC05-6A70EEB29220}.Debug|Win32.Build.0 = Debug|Win32
		{14AD4772-E7A4-40E9-BC05-6A70EEB29220}.Debug|Win32.Deploy.0 = Debug|Win32
		{14AD4772-E7A4-40E9-BC05-6A70EEB29220}.Debug|x64.ActiveCfg = Debug|x64
		{14AD4772-E7A4-40E9-BC05-6A70EEB29220}.Debug|x64.Build.0 = Debug|x64
		{14AD4772-E7A4-40E9-BC05-6A70EEB29220}.Debug|x64.Deploy.0 = Debug|x64
		{14AD4772-E7A4-40E9-BC05-6A70EEB29220}.Release|Win32.ActiveCfg = Release|Win32
		{14AD4772-E7A4-40E9-BC05-6A70EEB29220}.Release|Win32.Build.0 = Release|Win32
		{14AD4772-E7A4-40E9-BC05-6A70EEB29220}.Release|Win32.Deploy.0 = Release|Win32
		{14AD4772-E7A4-40E9-BC05-6A70EEB29220}.Release|x64.ActiveCfg = Release|x64
		{14AD4772-E7A4-40E9-BC05-6A70EEB29220}.Release|x64.Build.0 = Release|x64
		{14AD4772-E7A4-40E9-BC05-6A70EEB29220}.Release|x64.Deploy.0 = Release|x64
		{0ED242E0-A93E-46ED-B8E4-4FB29C576F08}.Debug|Win32.ActiveCfg = Debug|Win32
		{0ED242E0-A93E-46ED-B8E4-4FB29C576F08}.Debug|Win32.Build.0 = Debug|Win32
		{0ED242E0-A93E-46ED-B8E4-4FB29C576F08}.Debug|Win32.Deploy.0 = Debug|Win32
		{0ED242E0-A93E-46ED-B8E4-4FB29C576F08}.Debug|x64.ActiveCfg = Debug|x64
		{0ED242E0-A93E-46ED-B8E4-4FB29C576F08}.Debug|x64.Build.0 = Debug|x64
		{0ED242E0-A93E-46ED-B8E4-4FB29C576F08}.Debug|x64.Deploy.0 = Debug|x64
		{0ED242E0-A93E-46ED-B8E4-4FB29C576F08}.Release|Win32.ActiveCfg = Release|Win32
		{0ED242E0-A93E-46ED-B8E4-4FB29C576F08}.Release|Win32.Build.0 = Release|Win32
		{0ED242E0-A93E-46ED-B8E4-4FB29C576F08}.Release|Win32.Deploy.0 = Release|Win32
		{0ED242E0-A93E-46ED-B8E4-4FB29C576F08}.Release|x64.ActiveCfg = Release|x64
		{0ED242E0-A93E-46ED-B8E4-4FB29C576F08}.Release|x64.Build.0 = Release|x64
		{0ED242E0-A93E-46ED-B8E4-4FB29C576F08}.Release|x64.Deploy.0 = Release|x64
		{53250ABA-4367-4A0A-B9A7-B839EAACC924}.Debug|Win32.ActiveCfg = Debug|Win32
		{53250ABA-4367-4A0A-B9A7-B839EAACC924}.Debug|Win32.Build.0 = Debug|Win32
		{53250ABA-4367-4A0A-B9A7-B839EAACC924}.Debug|Win32.Deploy.0 = Debug|Win32
		{53250ABA-4367-4A0A-B9A7-B839EAACC924}.Debug|x64.ActiveCfg = Debug|x64
		{53250ABA-4367-4A0A-B9A7-B839EAACC924}.Debug|x64.Build.0 = Debug|x64
		{53250ABA-4367-4A0A-B9A7-B839EAACC924}.Debug|x64.Deploy.0 = Debug|x64
		{53250ABA-4367-4A0A-B9A7-B839EAACC924}.Release|Win32.ActiveCfg = Release|Win32
		{53250ABA-4367-4A0A-B9A7-B839EAACC924}.Release|Win32.Build.0 = Release|Win32
		{53250ABA-4367-4A0A-B9A7-B839EAACC924}.Release|Win32.Deploy.0 = Release|Win32
		{53250ABA-4367-4A0A-B9A7-B839EAACC924}.Release|x64.ActiveCfg = Release|x64
		{53250ABA-4367-4A0A-B9A7-B839EAACC924}.Release|x64.Build.0 = Release|x64
		{53250ABA-4367-4A0A-B9A7-B839EAACC924}.Release|x64.Deploy.0 = Release|x64
		{B6514B77-1EC8-4F7F-B3EE-313EB8BB2DE9}.Debug|Win32.ActiveCfg = Debug|Win32
		{B6514B77-1EC8-4F7F-B3EE-313EB8BB2DE9}.Debug|Win32.Build.0 = Debug|Win32
		{B6514B77-1EC8-4F7F-B3EE-313EB8BB2DE9}.Debug|Win32.Deploy.0 = Debug|Win32
		{B6514B77-1EC8-4F7F-B3EE-313EB8BB2DE9}.Debug|x64.ActiveCfg = Debug|x64
		{B6514B77-1EC8-4F7F-B3EE-313EB8BB2DE9}.Debug|x64.Build.0 = Debug|x64
		{B6514B77-1EC8-4F7F-B3EE-313EB8BB2DE9}.Debug|x64.Deploy.0 = Debug|x64
		{B6514B77-1EC8-4F7F-B3EE-313EB8BB2DE9}.Release|Win32.ActiveCfg = Release|Win32
		{B6514B77-1EC8-4F7F-B3EE-313EB8BB2DE9}.Release|Win32.Build.0 = Release|Win32
		{B6514B77-1EC8-4F7F-B3EE-313EB8BB2DE9}.Release|Win32.Deploy.0 = Release|Win32
		{B6514B77-1EC8-4F7F-B3EE-313EB8BB2DE9}.Release|x64.ActiveCfg = Release|x64
		{B6514B77-1EC8-4F7F-B3EE-313EB8BB2DE9}.Release|x64.Build.0 = Release|x64
		{B6514B77-1EC8-4F7F-B3EE-313EB8BB2DE9}.Release|x64.Deploy.0 = Release|x64
		{8EECF870-EB60-437D-A241-ECF08C02D94F}.Debug|Win32.ActiveCfg = Debug|Win32
		{8EECF870-EB60-437D-A241-ECF08C02D94F}.Debug|Win32.Build.0 = Debug|Win32
		{8EECF870-EB60-437D-A241-ECF08C02D94F}.Debug|Win32.Deploy.0 = Debug|Win32
		{8EECF870-EB60-437D-A241-ECF08C02D94F}.Debug|x64.ActiveCfg = Debug|x64
		{8EECF870-EB60-437D-A241-ECF08C02D94F}.Debug|x64.Build.0 = Debug|x64
		{8EECF870-EB60-437D-A241-ECF08C02D94F}.Debug|x64.Deploy.0 = Debug|x64
		{8EECF870-EB60-437D-A241-ECF08C02D94F}.Release|Win32.ActiveCfg = Release|Win32
		{8EECF870-EB60-437D-A241-ECF08C02D94F}.Release|Win32.Build.0 = Release|Win32
		{8EECF870-EB60-437D-A241-ECF08C02D94F}.Release|Win32.Deploy.0 = Release|Win32
		{8EECF870-EB60-437D-A241-ECF08C02D94F}.Release|x64.ActiveCfg = Release|x64
		{8EECF870-EB60-437D-A241-ECF08C02D94F}.Release|x64.Build.0 = Release|x64
		{8EECF870-EB60-437D-A241-ECF08C02D94F}.Release|x64.Deploy.0 = Release|x64
		{A055AF7D-D57C-45F9-B5DA-B2094875C9ED}.Debug|Win32.ActiveCfg = Debug|Win32
		{A055AF7D-D57C-45F9-B5DA-B2094875C9ED}.Debug|Win32.Build.0 = Debug|Win32
		{A055AF7D-D57C-45F9-B5DA-B2094875C9ED}.Debug|Win32.Deploy.0 = Debug|Win32
		{A055AF7D-D57C-45F9-B5DA-B2094875C9ED}.Debug|x64.ActiveCfg = Debug|x64
		{A055AF7D-D57C-45F9-B5DA-B2094875C9ED}.Debug|x64.Build.0 = Debug|x64
		{A055AF7D-D57C-45F9-B5DA-B2094875C9ED}.Debug|x64.Deploy.0 = Debug|x64
		{A055AF7D-D57C-45F9-B5DA-B2094875C9ED}.Release|Win32.ActiveCfg = Release|Win32
		{A055AF7D-D57C-45F9-B5DA-B2094875C9ED}.Release|Win32.Build.0 = Release|Win32
		{A055AF7D-D57C-45F9-B5DA-B2094875C9ED}.Release|Win32.Deploy.0 = Release|Win32
		{A055AF7D-D57C-45F9-B5DA-B2094875C9ED}.Release|x64.ActiveCfg = Release|x64
		{A055AF7D-D57C-45F9-B5DA-B2094875C9ED}.Release|x64.Build.0 = Release|x64
		{A055AF7D-D57C-45F9-B5DA-B2094875C9ED}.Release|x64.Deploy.0 = Release|x64
		{9169ADC6-F88E-4AC0-B403-12C6D8B24361}.Debug|Win32.ActiveCfg = Debug|Win32
		{9169ADC6-F88E-4AC0-B403-12C6D8B24361}.Debug|Win32.Build.0 = Debug|Win32
		{9169ADC6-F88E-4AC0-B403-12C6D8B24361}.Debug|Win32.Deploy.0 = Debug|Win32
		{9169ADC6-F88E-4AC0-B403-12C6D8B24361}.Debug|x64.ActiveCfg = Debug|x64
		{9169ADC6-F88E-4AC0-B403-12C6D8B24361}.Debug|x64.Build.0 = Debug|x64
		{9169ADC6-F88E-4AC0-B403-12C6D8B24361}.Debug|x64.Deploy.0 = Debug|x64
		{9169ADC6-F88E-4AC0-B403-12C6D8B24361}.Release|Win32.ActiveCfg = Release|Win32
		{9169ADC6-F88E-4AC0-B403-12C6D8B24361}.Release|Win32.Build.0 = Release|Win32
		{9169ADC6-F88E-4AC0-B403-12C6D8B24361}.Release|Win32.Deploy.0 = Release|Win32
		{9169ADC6-F88E-4AC0-B403-12C6D8B24361}.Release|x64.ActiveCfg = Release|x64
		{9169ADC6-F88E-4AC0-B403-12C6D8B24361}.Release|x64.Build.0 = Release|x64
		{9169ADC6-F88E-4AC0-B403-12C6D8B24361}.Release|x64.Deploy.0 = Release|x64
		{1AAD0113-AF42-43DE-A77C-56EFA2FE8A99}.Debug|Win32.ActiveCfg = Debug|Win32
		{1AAD0113-AF42-43DE-A77C-56EFA2FE8A99}.Debug|Win32.Build.0 = Debug|Win32
		{1AAD0113-AF42-43DE-A77C-56EFA2FE8A99}.Debug|Win32.Deploy.0 = Debug|Win32
		{1AAD0113-AF42-43DE-A77C-56EFA2FE8A99}.Debug|x64.ActiveCfg = Debug|x64
		{1AAD0113-AF42-43DE-A77C-56EFA2FE8A99}.Debug|x64.Build.0 = Debug|x64
		{1AAD0113-AF42-43DE-A77C-56EFA2FE8A99}.Debug|x64.Deploy.0 = Debug|x64
		{1AAD0113-AF42-43DE-A77C-56EFA2FE8A99}.Release|Win32.ActiveCfg = Release|Win32
		{1AAD0113-AF42-43DE-A77C-56EFA2FE8A99}.Release|Win32.Build.0 = Release|Win32
		{1AAD0113-AF42-43DE-A77C-56EFA2FE8A99}.Release|Win32.Deploy.0 = Release|Win32
		{1AAD0113-AF42-43DE-A77C-56EFA2FE8A99}.Release|x64.ActiveCfg = Release|x64
		{1AAD0113-AF42-43DE-A77C-56EFA2FE8A99}.Release|x64.Build.0 = Release|x64
		{1AAD0113-AF42-43DE-A77C-56EFA2FE8A99}.Release|x64.Deploy.0 = Release|x64
		{7D50D332-D15A-4322-8ACD-DD8C98CB5CC5}.Debug|Win32.ActiveCfg = Debug|Win32
		{7D50D332-D15A-4322-8ACD-DD8C98CB5CC5}.Debug|Win32.Build.0 = Debug|Win32
		{7D50D332-D15A-4322-8ACD-DD8C98CB5CC5}.Debug|Win32.Deploy.0 = Debug|Win32
		{7D50D332-D15A-4322-8ACD-DD8C98CB5CC5}.Debug|x64.ActiveCfg = Debug|x64
		{7D50D332-D15A-4322-8ACD-DD8C98CB5CC5}.Debug|x64.Build.0 = Debug|x64
		{7D50D332-D15A-4322-8ACD-DD8C98CB5CC5}.Debug|x64.Deploy.0 = Debug|x64
		{7D50D332-D15A-4322-8ACD-DD8C98CB5CC5}.Release|Win32.ActiveCfg = Release|Win32
		{7D50D332-D15A-4322-8ACD-DD8C98CB5CC5}.Release|Win32.Build.0 = Release|Win32
		{7D50D332-D15A-4322-8ACD-DD8C98CB5CC5}.Release|Win32.Deploy.0 = Release|Win32
		{7D50D332-D15A-4322-8ACD-DD8C98CB5CC5}.Release|x64.ActiveCfg = Release|x64
		{7D50D332-D15A-4322-8ACD-DD8C98CB5CC5}.Release|x64.Build.0 = Release|x64
		{7D50D332-D15A-4322-8ACD-DD8C98CB5CC5}.Release|x64.Deploy.0 = Release|x64
		{31EB5E7B-262F-401A-A40A-92F4927692C5}.Debug|Win32.ActiveCfg = Debug|Win32
		{31EB5E7B-262F-401A-A40A-92F4927692C5}.Debug|Win32.Build.0 = Debug|Win32
		{31EB5E7B-262F-401A-A40A-92F4927692C5}.Debug|Win32.Deploy.0 = Debug|Win32
		{31EB5E7B-262F-401A-A40A-92F4927692C5}.Debug|x64.ActiveCfg = Debug|x64
		{31EB5E7B-262F-401A-A40A-92F4927692C5}.Debug|x64.Build.0 = Debug|x64
		{31EB5E7B-262F-401A-A40A-92F4927692C5}.Debug|x64.Deploy.0 = Debug|x64
		{31EB5E7B-262F-401A-A40A-92F4927692C5}.Release|Win32.ActiveCfg = Release|Win32
		{31EB5E7B-262F-401A-A40A-92F4927692C5}.Release|Win32.Build.0 = Release|Win32
		{31EB5E7B-262F-401A-A40A-92F4927692C5}.Release|Win32.Deploy.0 = Release|Win32
		{31EB5E7B-262F-401A-A40A-92F4927692C5}.Release|x64.ActiveCfg = Release|x64
		{31EB5E7B-262F-401A-A40A-92F4927692C5}.Release|x64.Build.0 = Release|x64
		{31EB5E7B-262F-401A-A40A-92F4927692C5}.Release|x64.Deploy.0 = Release|x64
		{05A8B163-EC42-45E3-8B5D-659B94AF4959}.Debug|Win32.ActiveCfg = Debug|Win32
		{05A8B163-EC42-45E3-8B5D-659B94AF4959}.Debug|Win32.Build.0 = Debug|Win32
		{05A8B163-EC42-45E3-8B5D-659B94AF4959}.Debug|Win32.Deploy.0 = Debug|Win32
		{05A8B163-EC42-45E3-8B5D-659B94AF4959}.Debug|x64.ActiveCfg = Debug|x64
		{05A8B163-EC42-45E3-8B5D-659B94AF4959}.Debug|x64.Build.0 = Debug|x64
		{05A8B163-EC42-45E3-8B5D-659B94AF4959}.Debug|x64.Deploy.0 = Debug|x64
		{05A8B163-EC42-45E3-8B5D-659B94AF4959}.Release|Win32.ActiveCfg = Release|Win32
		{05A8B163-EC42-45E3-8B5D-659B94AF4959}.Release|Win32.Build.0 = Release|Win32
		{05A8B163-EC42-45E3-8B5D-659B94AF4959}.Release|Win32.Deploy.0 = Release|Win32
		{05A8B163-EC42-45E3-8B5D-659B94AF4959}.Release|x64.ActiveCfg = Release|x64
		{05A8B163-EC42-45E3-8B5D-659B94AF4959}.Release|x64.Build.0 = Release|x64
		{05A8B163-EC42-45E3-8B5D-659B94AF4959}.Release|x64.Deploy.0 = Release|x64
		{3B553453-A28A-459A-9676-7D1870306B27}.Debug|Win32.ActiveCfg = Debug|Win32
		{3B553453-A28A-459A-9676-7D1870306B27}.Debug|Win32.Build.0 = Debug|Win32
		{3B553453-A28A-459A-9676-7D1870306B27}.Debug|Win32.Deploy.0 = Debug|Win32
		{3B553453-A28A-459A-9676-7D1870306B27}.Debug|x64.ActiveCfg = Debug|x64
		{3B553453-A28A-459A-9676-7D1870306B27}.Debug|x64.Build.0 = Debug|x64
		{3B553453-A28A-459A-9676-7D1870306B27}.Debug|x64.Deploy.0 = Debug|x64
		{3B553453-A28A-459A-9676-7D1870306B27}.Release|Win32.ActiveCfg = Release|Win32
		{3B553453-A28A-459A-9676-7D1870306B27}.Release|Win32.Build.0 = Release|Win32
		{3B553453-A28A-459A-9676-7D1870306B27}.Release|Win32.Deploy.0 = Release|Win32
		{3B553453-A28A-459A-9676-7D1870306B27}.Release|x64.ActiveCfg = Release|x64
		{3B553453-A28A-459A-9676-7D1870306B27}.Release|x64.Build.0 = Release|x64
		{3B553453-A28A-459A-9676-7D1870306B27}.Release|x64.Deploy.0 = Release|x64
		{ABF80492-619B-4CCD-92D4-153CF46A1F46}.Debug|Win32.ActiveCfg = Debug|Win32
		{ABF80492-619B-4CCD-92D4-153CF46A1F46}.Debug|Win32.Build.0 = Debug|Win32
		{ABF80492-619B-4CCD-92D4-153CF46A1F46}.Debug|Win32.Deploy.0 = Debug|Win32
		{ABF80492-619B-4CCD-92D4-153CF46A1F46}.Debug|x64.ActiveCfg = Debug|x64
		{ABF80492-619B-4CCD-92D4-153CF46A1F46}.Debug|x64.Build.0 = Debug|x64
		{ABF80492-619B-4CCD-92D4-153CF46A1F46}.Debug|x64.Deploy.0 = Debug|x64
		{ABF80492-619B-4CCD-92D4-153CF46A1F46}.Release|Win32.ActiveCfg = Release|Win32
		{ABF80492-619B-4CCD-92D4-153CF46A1F46}.Release|Win32.Build.0 = Release|Win32
		{ABF80492-619B-4CCD-92D4-153CF46A1F46}.Release|Win32.Deploy.0 = Release|Win32
		{ABF80492-619B-4CCD-92D4-153CF46A1F46}.Release|x64.ActiveCfg = Release|x64
		{ABF80492-619B-4CCD-92D4-153CF46A1F46}.Release|x64.Build.0 = Release|x64
		{ABF80492-619B-4CCD-92D4-153CF46A1F46}.Release|x64.Deploy.0 = Release|x64
		{CFCC3E6B-F37F-4B46-9354-0193A3EE4564}.Debug|Win32.ActiveCfg = Debug|Win32
		{CFCC3E6B-F37F-4B46-9354-0193A3EE4564}.Debug|Win32.Build.0 = Debug|Win32
		{CFCC3E6B-F37F-4B46-9354-0193A3EE4564}.Debug|Win32.Deploy.0 = Debug|Win32
		{CFCC3E6B-F37F-4B46-9354-0193A3EE4564}.Debug|x64.ActiveCfg = Debug|x64
		{CFCC3E6B-F37F-4B46-9354-0193A3EE4564}.Debug|x64.Build.0 = Debug|x64
		{CFCC3E6B-F37F-4B46-9354-0193A3EE4564}.Debug|x64.Deploy.0 = Debug|x64
		{CFCC3E6B-F37F-4B46-9354-0193A3EE4564}.Release|Win32.ActiveCfg = Release|Win32
		{CFCC3E6B-F37F-4B46-9354-0193A3EE4564}.Release|Win32.Build.0 = Release|Win32
		{CFCC3E6B-F37F-4B46-9354-0193A3EE4564}.Release|Win32.Deploy.0 = Release|Win32
		{CFCC3E6B-F37F-4B46-9354-0193A3EE4564}.Release|x64.ActiveCfg = Release|x64
		{CFCC3E6B-F37F-4B46-9354-0193A3EE4564}.Release|x64.Build.0 = Release|x64
		{CFCC3E6B-F37F-4B46-9354-0193A3EE4564}.Release|x64.Deploy.0 = Release|x64
		{5F85646E-F450-4178-A39F-78B1B47F79CF}.Debug|Win32.ActiveCfg = Debug|Win32
		{5F85646E-F450-4178-A39F-78B1B47F79CF}.Debug|Win32.Build.0 = Debug|Win32
		{5F85646E-F450-4178-A39F-78B1B47F79CF}.Debug|Win32.Deploy.0 = Debug|Win32
		{5F85646E-F450-4178-A39F-78B1B47F79CF}.Debug|x64.ActiveCfg = Debug|x64
		{5F85646E-F450-4178-A39F-78B1B47F79CF}.Debug|x64.Build.0 = Debug|x64
		{5F85646E-F450-4178-A39F-78B1B47F79CF}.Debug|x64.Deploy.0 = Debug|x64
		{5F85646E-F450-4178-A39F-78B1B47F79CF}.Release|Win32.ActiveCfg = Release|Win32
		{5F85646E-F450-4178-A39F-78B1B47F79CF}.Release|Win32.Build.0 = Release|Win32
		{5F85646E-F450-4178-A39F-78B1B47F79CF}.Release|Win32.Deploy.0 = Release|Win32
		{5F85646E-F450-4178-A39F-78B1B47F79CF}.Release|x64.ActiveCfg = Release|x64
		{5F85646E-F450-4178-A39F-78B1B47F79CF}.Release|x64.Build.0 = Release|x64
		{5F85646E-F450-4178-A39F-78B1B47F79CF}.Release|x64.Deploy.0 = Release|x64
		{BEFFD69B-F47F-4B76-8677-9962192CD5C8}.Debug|Win32.ActiveCfg = Debug|Win32
		{BEFFD69B-F47F-4B76-8677-9962192CD5C8}.Debug|Win32.Build.0 = Debug|Win32
		{BEFFD69B-F47F-4B76-8677-9962192CD5C8}.Debug|Win32.Deploy.0 = Debug|Win32
		{BEFFD69B-F47F-4B76-8677-9962192CD5C8}.Debug|x64.ActiveCfg = Debug|x64
		{BEFFD69B-F47F-4B76-8677-9962192CD5C8}.Debug|x64.Build.0 = Debug|x64
		{BEFFD69B-F47F-4B76-8677-9962192CD5C8}.Debug|x64.Deploy.0 = Debug|x64
		{BEFFD69B-F47F-4B76-8677-9962192CD5C8}.Release|Win32.ActiveCfg = Release|Win32
		{BEFFD69B-F47F-4B76-8677-9962192CD5C8}.Release|Win32.Build.0 = Release|Win32
		{BEFFD69B-F47F-4B76-8677-9962192CD5C8}.Release|Win32.Deploy.0 = Release|Win32
		{BEFFD69B-F47F-4B76-8677-9962192CD5C8}.Release|x64.ActiveCfg = Release|x64
		{BEFFD69B-F47F-4B76-8677-9962192CD5C8}.Release|x64.Build.0 = Release|x64
		{BEFFD69B-F47F-4B76-8677-9962192CD5C8}.Release|x64.Deploy.0 = Release|x64
		{8FD6F8DE-BBD3-4DD5-8125-80C139438CDE}.Debug|Win32.ActiveCfg = Debug|Win32
		{8FD6F8DE-BBD3-4DD5-8125-80C139438CDE}.Debug|Win32.Build.0 = Debug|Win32
		{8FD6F8DE-BBD3-4DD5-8125-80C139438CDE}.Debug|Win32.Deploy.0 = Debug|Win32
		{8FD6F8DE-BBD3-4DD5-8125-80C139438CDE}.Debug|x64.ActiveCfg = Debug|x64
		{8FD6F8DE-BBD3-4DD5-8125-80C139438CDE}.Debug|x64.Build.0 = Debug|x64
		{8FD6F8DE-BBD3-4DD5-8125-80C139438CDE}.Debug|x64.Deploy.0 = Debug|x64
		{8FD6F8DE-BBD3-4DD5-8125-80C139438CDE}.Release|Win32.ActiveCfg = Release|Win32
		{8FD6F8DE-BBD3-4DD5-8125-80C139438CDE}.Release|Win32.Build.0 = Release|Win32
		{8FD6F8DE-BBD3-4DD5-8125-80C139438CDE}.Release|Win32.Deploy.0 = Release|Win32
		{8FD6F8DE-BBD3-4DD5-8125-80C139438CDE}.Release|x64.ActiveCfg = Release|x64
		{8FD6F8DE-BBD3-4DD5-8125-80C139438CDE}.Release|x64.Build.0 = Release|x64
		{8FD6F8DE-BBD3-4DD5-8125-80C139438CDE}.Release|x64.Deploy.0 = Release|x64
		{DE0C4650-5B33-4A80-80E3-413A31473A4B}.Debug|Win32.ActiveCfg = Debug|Win32
		{DE0C4650-5B33-4A80-80E3-413A31473A4B}.Debug|Win32.Build.0 = Debug|Win32
		{DE0C4650-5B33-4A80-80E3-413A31473A4B}.Debug|Win32.Deploy.0 = Debug|Win32
		{DE0C4650-5B33-4A80-80E3-413A31473A4B}.Debug|x64.ActiveCfg = Debug|x64
		{DE0C4650-5B33-4A80-80E3-413A31473A4B}.Debug|x64.Build.0 = Debug|x64
		{DE0C4650-5B33-4A80-80E3-413A31473A4B}.Debug|x64.Deploy.0 = Debug|x64
		{DE0C4650-5B33-4A80-80E3-413A31473A4B}.Release|Win32.ActiveCfg = Release|Win32
		{DE0C4650-5B33-4A80-80E3-413A31473A4B}.Release|Win32.Build.0 = Release|Win32
		{DE0C4650-5B33-4A80-80E3-413A31473A4B}.Release|Win32.Deploy.0 = Release|Win32
		{DE0C4650-5B33-4A80-80E3-413A31473A4B}.Release|x64.ActiveCfg = Release|x64
		{DE0C4650-5B33-4A80-80E3-413A31473A4B}.Release|x64.Build.0 = Release|x64
		{DE0C4650-5B33-4A80-80E3-413A31473A4B}.Release|x64.Deploy.0 = Release|x64
		{E154D02E-1CA3-4FC1-B520-07B4DC128A89}.Debug|Win32.ActiveCfg = Debug|Win32
		{E154D02E-1CA3-4FC1-B520-07B4DC128A89}.Debug|Win32.Build.0 = Debug|Win32
		{E154D02E-1CA3-4FC1-B520-07B4DC128A89}.Debug|Win32.Deploy.0 = Debug|Win32
		{E154D02E-1CA3-4FC1-B520-07B4DC128A89}.Debug|x64.ActiveCfg = Debug|x64
		{E154D02E-1CA3-4FC1-B520-07B4DC128A89}.Debug|x64.Build.0 = Debug|x64
		{E154D02E-1CA3-4FC1-B520-07B4DC128A89}.Debug|x64.Deploy.0 = Debug|x64
		{E154D02E-1CA3-4FC1-B520-07B4DC128A89}.Release|Win32.ActiveCfg = Release|Win32
		{E154D02E-1CA3-4FC1-B520-07B4DC128A89}.Release|Win32.Build.0 = Release|Win32
		{E154D02E-1CA3-4FC1-B520-07B4DC128A89}.Release|Win32.Deploy.0 = Release|Win32
		{E154D02E-1CA3-4FC1-B520-07B4DC128A89}.Release|x64.ActiveCfg = Release|x64
		{E154D02E-1CA3-4FC1-B520-07B4DC128A89}.Release|x64.Build.0 = Release|x64
		{E154D02E-1CA3-4FC1-B520-07B4DC128A89}.Release|x64.Deploy.0 = Release|x64
	EndGlobalSection
	GlobalSection(SolutionProperties) = preSolution
		HideSolutionNode = FALSE
	EndGlobalSection
EndGlobal
