
Microsoft Visual Studio Solution File, Format Version 11.00
# Visual Studio 15
Project("{8BC9CEB8-8B4A-11D0-8D11-00A0C91BC942}") = "3d", "3d.vcxproj", "{158C6DA6-39A1-4295-8191-D192F068A09D}"
EndProject
Project("{8BC9CEB8-8B4A-11D0-8D11-00A0C91BC942}") = "3d_multi", "3d_multi.vcxproj", "{6B41F625-CEE5-43E6-BD5C-D142EA81B2FA}"
EndProject
Project("{8BC9CEB8-8B4A-11D0-8D11-00A0C91BC942}") = "event_parameter", "event_parameter.vcxproj", "{2568201E-97BA-4CD8-B5AB-63C4BD974143}"
EndProject
Project("{8BC9CEB8-8B4A-11D0-8D11-00A0C91BC942}") = "load_banks", "load_banks.vcxproj", "{349F2A4D-5A0E-449A-82F2-9CF1988E65BA}"
EndProject
Project("{8BC9CEB8-8B4A-11D0-8D11-00A0C91BC942}") = "music_callbacks", "music_callbacks.vcxproj", "{473B8D3C-3315-4A05-B0EC-4EBFA2D8EFA5}"
EndProject
Project("{8BC9CEB8-8B4A-11D0-8D11-00A0C91BC942}") = "objectpan", "objectpan.vcxproj", "{21935ADA-87CE-406A-9190-6F3067CD3E8C}"
EndProject
Project("{8BC9CEB8-8B4A-11D0-8D11-00A0C91BC942}") = "programmer_sound", "programmer_sound.vcxproj", "{89C80495-4EA6-4EE7-8D02-078AF06F7292}"
EndProject
Project("{8BC9CEB8-8B4A-11D0-8D11-00A0C91BC942}") = "recording_playback", "recording_playback.vcxproj", "{2384DBC9-782D-44BD-9A0C-A9CD6C6F76E6}"
EndProject
Project("{8BC9CEB8-8B4A-11D0-8D11-00A0C91BC942}") = "simple_event", "simple_event.vcxproj", "{4997998C-BEB6-42D4-8A6F-7B00EB8C4643}"
EndProject
Global
	GlobalSection(SolutionConfigurationPlatforms) = preSolution
		Debug|Win32 = Debug|Win32
		Debug|x64 = Debug|x64
		Release|Win32 = Release|Win32
		Release|x64 = Release|x64
	EndGlobalSection
	GlobalSection(ProjectConfigurationPlatforms) = postSolution
		{158C6DA6-39A1-4295-8191-D192F068A09D}.Debug|Win32.ActiveCfg = Debug|Win32
		{158C6DA6-39A1-4295-8191-D192F068A09D}.Debug|Win32.Build.0 = Debug|Win32
		{158C6DA6-39A1-4295-8191-D192F068A09D}.Debug|Win32.Deploy.0 = Debug|Win32
		{158C6DA6-39A1-4295-8191-D192F068A09D}.Debug|x64.ActiveCfg = Debug|x64
		{158C6DA6-39A1-4295-8191-D192F068A09D}.Debug|x64.Build.0 = Debug|x64
		{158C6DA6-39A1-4295-8191-D192F068A09D}.Debug|x64.Deploy.0 = Debug|x64
		{158C6DA6-39A1-4295-8191-D192F068A09D}.Release|Win32.ActiveCfg = Release|Win32
		{158C6DA6-39A1-4295-8191-D192F068A09D}.Release|Win32.Build.0 = Release|Win32
		{158C6DA6-39A1-4295-8191-D192F068A09D}.Release|Win32.Deploy.0 = Release|Win32
		{158C6DA6-39A1-4295-8191-D192F068A09D}.Release|x64.ActiveCfg = Release|x64
		{158C6DA6-39A1-4295-8191-D192F068A09D}.Release|x64.Build.0 = Release|x64
		{158C6DA6-39A1-4295-8191-D192F068A09D}.Release|x64.Deploy.0 = Release|x64
		{6B41F625-CEE5-43E6-BD5C-D142EA81B2FA}.Debug|Win32.ActiveCfg = Debug|Win32
		{6B41F625-CEE5-43E6-BD5C-D142EA81B2FA}.Debug|Win32.Build.0 = Debug|Win32
		{6B41F625-CEE5-43E6-BD5C-D142EA81B2FA}.Debug|Win32.Deploy.0 = Debug|Win32
		{6B41F625-CEE5-43E6-BD5C-D142EA81B2FA}.Debug|x64.ActiveCfg = Debug|x64
		{6B41F625-CEE5-43E6-BD5C-D142EA81B2FA}.Debug|x64.Build.0 = Debug|x64
		{6B41F625-CEE5-43E6-BD5C-D142EA81B2FA}.Debug|x64.Deploy.0 = Debug|x64
		{6B41F625-CEE5-43E6-BD5C-D142EA81B2FA}.Release|Win32.ActiveCfg = Release|Win32
		{6B41F625-CEE5-43E6-BD5C-D142EA81B2FA}.Release|Win32.Build.0 = Release|Win32
		{6B41F625-CEE5-43E6-BD5C-D142EA81B2FA}.Release|Win32.Deploy.0 = Release|Win32
		{6B41F625-CEE5-43E6-BD5C-D142EA81B2FA}.Release|x64.ActiveCfg = Release|x64
		{6B41F625-CEE5-43E6-BD5C-D142EA81B2FA}.Release|x64.Build.0 = Release|x64
		{6B41F625-CEE5-43E6-BD5C-D142EA81B2FA}.Release|x64.Deploy.0 = Release|x64
		{2568201E-97BA-4CD8-B5AB-63C4BD974143}.Debug|Win32.ActiveCfg = Debug|Win32
		{2568201E-97BA-4CD8-B5AB-63C4BD974143}.Debug|Win32.Build.0 = Debug|Win32
		{2568201E-97BA-4CD8-B5AB-63C4BD974143}.Debug|Win32.Deploy.0 = Debug|Win32
		{2568201E-97BA-4CD8-B5AB-63C4BD974143}.Debug|x64.ActiveCfg = Debug|x64
		{2568201E-97BA-4CD8-B5AB-63C4BD974143}.Debug|x64.Build.0 = Debug|x64
		{2568201E-97BA-4CD8-B5AB-63C4BD974143}.Debug|x64.Deploy.0 = Debug|x64
		{2568201E-97BA-4CD8-B5AB-63C4BD974143}.Release|Win32.ActiveCfg = Release|Win32
		{2568201E-97BA-4CD8-B5AB-63C4BD974143}.Release|Win32.Build.0 = Release|Win32
		{2568201E-97BA-4CD8-B5AB-63C4BD974143}.Release|Win32.Deploy.0 = Release|Win32
		{2568201E-97BA-4CD8-B5AB-63C4BD974143}.Release|x64.ActiveCfg = Release|x64
		{2568201E-97BA-4CD8-B5AB-63C4BD974143}.Release|x64.Build.0 = Release|x64
		{2568201E-97BA-4CD8-B5AB-63C4BD974143}.Release|x64.Deploy.0 = Release|x64
		{349F2A4D-5A0E-449A-82F2-9CF1988E65BA}.Debug|Win32.ActiveCfg = Debug|Win32
		{349F2A4D-5A0E-449A-82F2-9CF1988E65BA}.Debug|Win32.Build.0 = Debug|Win32
		{349F2A4D-5A0E-449A-82F2-9CF1988E65BA}.Debug|Win32.Deploy.0 = Debug|Win32
		{349F2A4D-5A0E-449A-82F2-9CF1988E65BA}.Debug|x64.ActiveCfg = Debug|x64
		{349F2A4D-5A0E-449A-82F2-9CF1988E65BA}.Debug|x64.Build.0 = Debug|x64
		{349F2A4D-5A0E-449A-82F2-9CF1988E65BA}.Debug|x64.Deploy.0 = Debug|x64
		{349F2A4D-5A0E-449A-82F2-9CF1988E65BA}.Release|Win32.ActiveCfg = Release|Win32
		{349F2A4D-5A0E-449A-82F2-9CF1988E65BA}.Release|Win32.Build.0 = Release|Win32
		{349F2A4D-5A0E-449A-82F2-9CF1988E65BA}.Release|Win32.Deploy.0 = Release|Win32
		{349F2A4D-5A0E-449A-82F2-9CF1988E65BA}.Release|x64.ActiveCfg = Release|x64
		{349F2A4D-5A0E-449A-82F2-9CF1988E65BA}.Release|x64.Build.0 = Release|x64
		{349F2A4D-5A0E-449A-82F2-9CF1988E65BA}.Release|x64.Deploy.0 = Release|x64
		{473B8D3C-3315-4A05-B0EC-4EBFA2D8EFA5}.Debug|Win32.ActiveCfg = Debug|Win32
		{473B8D3C-3315-4A05-B0EC-4EBFA2D8EFA5}.Debug|Win32.Build.0 = Debug|Win32
		{473B8D3C-3315-4A05-B0EC-4EBFA2D8EFA5}.Debug|Win32.Deploy.0 = Debug|Win32
		{473B8D3C-3315-4A05-B0EC-4EBFA2D8EFA5}.Debug|x64.ActiveCfg = Debug|x64
		{473B8D3C-3315-4A05-B0EC-4EBFA2D8EFA5}.Debug|x64.Build.0 = Debug|x64
		{473B8D3C-3315-4A05-B0EC-4EBFA2D8EFA5}.Debug|x64.Deploy.0 = Debug|x64
		{473B8D3C-3315-4A05-B0EC-4EBFA2D8EFA5}.Release|Win32.ActiveCfg = Release|Win32
		{473B8D3C-3315-4A05-B0EC-4EBFA2D8EFA5}.Release|Win32.Build.0 = Release|Win32
		{473B8D3C-3315-4A05-B0EC-4EBFA2D8EFA5}.Release|Win32.Deploy.0 = Release|Win32
		{473B8D3C-3315-4A05-B0EC-4EBFA2D8EFA5}.Release|x64.ActiveCfg = Release|x64
		{473B8D3C-3315-4A05-B0EC-4EBFA2D8EFA5}.Release|x64.Build.0 = Release|x64
		{473B8D3C-3315-4A05-B0EC-4EBFA2D8EFA5}.Release|x64.Deploy.0 = Release|x64
		{21935ADA-87CE-406A-9190-6F3067CD3E8C}.Debug|Win32.ActiveCfg = Debug|Win32
		{21935ADA-87CE-406A-9190-6F3067CD3E8C}.Debug|Win32.Build.0 = Debug|Win32
		{21935ADA-87CE-406A-9190-6F3067CD3E8C}.Debug|Win32.Deploy.0 = Debug|Win32
		{21935ADA-87CE-406A-9190-6F3067CD3E8C}.Debug|x64.ActiveCfg = Debug|x64
		{21935ADA-87CE-406A-9190-6F3067CD3E8C}.Debug|x64.Build.0 = Debug|x64
		{21935ADA-87CE-406A-9190-6F3067CD3E8C}.Debug|x64.Deploy.0 = Debug|x64
		{21935ADA-87CE-406A-9190-6F3067CD3E8C}.Release|Win32.ActiveCfg = Release|Win32
		{21935ADA-87CE-406A-9190-6F3067CD3E8C}.Release|Win32.Build.0 = Release|Win32
		{21935ADA-87CE-406A-9190-6F3067CD3E8C}.Release|Win32.Deploy.0 = Release|Win32
		{21935ADA-87CE-406A-9190-6F3067CD3E8C}.Release|x64.ActiveCfg = Release|x64
		{21935ADA-87CE-406A-9190-6F3067CD3E8C}.Release|x64.Build.0 = Release|x64
		{21935ADA-87CE-406A-9190-6F3067CD3E8C}.Release|x64.Deploy.0 = Release|x64
		{89C80495-4EA6-4EE7-8D02-078AF06F7292}.Debug|Win32.ActiveCfg = Debug|Win32
		{89C80495-4EA6-4EE7-8D02-078AF06F7292}.Debug|Win32.Build.0 = Debug|Win32
		{89C80495-4EA6-4EE7-8D02-078AF06F7292}.Debug|Win32.Deploy.0 = Debug|Win32
		{89C80495-4EA6-4EE7-8D02-078AF06F7292}.Debug|x64.ActiveCfg = Debug|x64
		{89C80495-4EA6-4EE7-8D02-078AF06F7292}.Debug|x64.Build.0 = Debug|x64
		{89C80495-4EA6-4EE7-8D02-078AF06F7292}.Debug|x64.Deploy.0 = Debug|x64
		{89C80495-4EA6-4EE7-8D02-078AF06F7292}.Release|Win32.ActiveCfg = Release|Win32
		{89C80495-4EA6-4EE7-8D02-078AF06F7292}.Release|Win32.Build.0 = Release|Win32
		{89C80495-4EA6-4EE7-8D02-078AF06F7292}.Release|Win32.Deploy.0 = Release|Win32
		{89C80495-4EA6-4EE7-8D02-078AF06F7292}.Release|x64.ActiveCfg = Release|x64
		{89C80495-4EA6-4EE7-8D02-078AF06F7292}.Release|x64.Build.0 = Release|x64
		{89C80495-4EA6-4EE7-8D02-078AF06F7292}.Release|x64.Deploy.0 = Release|x64
		{2384DBC9-782D-44BD-9A0C-A9CD6C6F76E6}.Debug|Win32.ActiveCfg = Debug|Win32
		{2384DBC9-782D-44BD-9A0C-A9CD6C6F76E6}.Debug|Win32.Build.0 = Debug|Win32
		{2384DBC9-782D-44BD-9A0C-A9CD6C6F76E6}.Debug|Win32.Deploy.0 = Debug|Win32
		{2384DBC9-782D-44BD-9A0C-A9CD6C6F76E6}.Debug|x64.ActiveCfg = Debug|x64
		{2384DBC9-782D-44BD-9A0C-A9CD6C6F76E6}.Debug|x64.Build.0 = Debug|x64
		{2384DBC9-782D-44BD-9A0C-A9CD6C6F76E6}.Debug|x64.Deploy.0 = Debug|x64
		{2384DBC9-782D-44BD-9A0C-A9CD6C6F76E6}.Release|Win32.ActiveCfg = Release|Win32
		{2384DBC9-782D-44BD-9A0C-A9CD6C6F76E6}.Release|Win32.Build.0 = Release|Win32
		{2384DBC9-782D-44BD-9A0C-A9CD6C6F76E6}.Release|Win32.Deploy.0 = Release|Win32
		{2384DBC9-782D-44BD-9A0C-A9CD6C6F76E6}.Release|x64.ActiveCfg = Release|x64
		{2384DBC9-782D-44BD-9A0C-A9CD6C6F76E6}.Release|x64.Build.0 = Release|x64
		{2384DBC9-782D-44BD-9A0C-A9CD6C6F76E6}.Release|x64.Deploy.0 = Release|x64
		{4997998C-BEB6-42D4-8A6F-7B00EB8C4643}.Debug|Win32.ActiveCfg = Debug|Win32
		{4997998C-BEB6-42D4-8A6F-7B00EB8C4643}.Debug|Win32.Build.0 = Debug|Win32
		{4997998C-BEB6-42D4-8A6F-7B00EB8C4643}.Debug|Win32.Deploy.0 = Debug|Win32
		{4997998C-BEB6-42D4-8A6F-7B00EB8C4643}.Debug|x64.ActiveCfg = Debug|x64
		{4997998C-BEB6-42D4-8A6F-7B00EB8C4643}.Debug|x64.Build.0 = Debug|x64
		{4997998C-BEB6-42D4-8A6F-7B00EB8C4643}.Debug|x64.Deploy.0 = Debug|x64
		{4997998C-BEB6-42D4-8A6F-7B00EB8C4643}.Release|Win32.ActiveCfg = Release|Win32
		{4997998C-BEB6-42D4-8A6F-7B00EB8C4643}.Release|Win32.Build.0 = Release|Win32
		{4997998C-BEB6-42D4-8A6F-7B00EB8C4643}.Release|Win32.Deploy.0 = Release|Win32
		{4997998C-BEB6-42D4-8A6F-7B00EB8C4643}.Release|x64.ActiveCfg = Release|x64
		{4997998C-BEB6-42D4-8A6F-7B00EB8C4643}.Release|x64.Build.0 = Release|x64
		{4997998C-BEB6-42D4-8A6F-7B00EB8C4643}.Release|x64.Deploy.0 = Release|x64
	EndGlobalSection
	GlobalSection(SolutionProperties) = preSolution
		HideSolutionNode = FALSE
	EndGlobalSection
EndGlobal
